// !$*UTF8*$!
{
	archiveVersion = 1;
	classes = {
	};
	objectVersion = 46;
	objects = {

/* Begin PBXBuildFile section */
		1804B6FE1DC1F9F00071C466 /* JFAssetHelper.m in Sources */ = {isa = PBXBuildFile; fileRef = 1804B6EF1DC1F9F00071C466 /* JFAssetHelper.m */; };
		1804B6FF1DC1F9F00071C466 /* JFImageCollectionViewController.m in Sources */ = {isa = PBXBuildFile; fileRef = 1804B6F11DC1F9F00071C466 /* JFImageCollectionViewController.m */; };
		1804B7001DC1F9F00071C466 /* JFImageGroupTableViewController.m in Sources */ = {isa = PBXBuildFile; fileRef = 1804B6F31DC1F9F00071C466 /* JFImageGroupTableViewController.m */; };
		1804B7011DC1F9F00071C466 /* JFImageManager.m in Sources */ = {isa = PBXBuildFile; fileRef = 1804B6F51DC1F9F00071C466 /* JFImageManager.m */; };
		1804B7021DC1F9F00071C466 /* JFImagePickerController.m in Sources */ = {isa = PBXBuildFile; fileRef = 1804B6F71DC1F9F00071C466 /* JFImagePickerController.m */; };
		1804B7031DC1F9F00071C466 /* JFImagePickerViewCell.m in Sources */ = {isa = PBXBuildFile; fileRef = 1804B6F91DC1F9F00071C466 /* JFImagePickerViewCell.m */; };
		1804B7041DC1F9F00071C466 /* JFPhotoBrowserViewController.m in Sources */ = {isa = PBXBuildFile; fileRef = 1804B6FB1DC1F9F00071C466 /* JFPhotoBrowserViewController.m */; };
		1804B7051DC1F9F00071C466 /* JFPhotoView.m in Sources */ = {isa = PBXBuildFile; fileRef = 1804B6FD1DC1F9F00071C466 /* JFPhotoView.m */; };
		183C7D541DB761A400338CBB /* main.m in Sources */ = {isa = PBXBuildFile; fileRef = 183C7D531DB761A400338CBB /* main.m */; };
		183C7D571DB761A400338CBB /* AppDelegate.m in Sources */ = {isa = PBXBuildFile; fileRef = 183C7D561DB761A400338CBB /* AppDelegate.m */; };
		183C7D5D1DB761A400338CBB /* Main.storyboard in Resources */ = {isa = PBXBuildFile; fileRef = 183C7D5B1DB761A400338CBB /* Main.storyboard */; };
		183C7D5F1DB761A400338CBB /* Assets.xcassets in Resources */ = {isa = PBXBuildFile; fileRef = 183C7D5E1DB761A400338CBB /* Assets.xcassets */; };
		183C7D621DB761A400338CBB /* LaunchScreen.storyboard in Resources */ = {isa = PBXBuildFile; fileRef = 183C7D601DB761A400338CBB /* LaunchScreen.storyboard */; };
		183C7D6D1DB761A400338CBB /* BeautifulTests.m in Sources */ = {isa = PBXBuildFile; fileRef = 183C7D6C1DB761A400338CBB /* BeautifulTests.m */; };
		183C7D781DB761A400338CBB /* BeautifulUITests.m in Sources */ = {isa = PBXBuildFile; fileRef = 183C7D771DB761A400338CBB /* BeautifulUITests.m */; };
		183C7E881DBA181300338CBB /* MJ_CurrentPictureViewController.m in Sources */ = {isa = PBXBuildFile; fileRef = 183C7E871DBA181300338CBB /* MJ_CurrentPictureViewController.m */; };
		183C7E8D1DBA376A00338CBB /* MJ_CurrentPicturesCollectionViewCell.m in Sources */ = {isa = PBXBuildFile; fileRef = 183C7E8C1DBA376A00338CBB /* MJ_CurrentPicturesCollectionViewCell.m */; };
		183C7E901DBA37AF00338CBB /* MJ_BaseView.m in Sources */ = {isa = PBXBuildFile; fileRef = 183C7E8F1DBA37AF00338CBB /* MJ_BaseView.m */; };
		183C7E931DBA37C900338CBB /* MJ_BaseModel.m in Sources */ = {isa = PBXBuildFile; fileRef = 183C7E921DBA37C900338CBB /* MJ_BaseModel.m */; };
		183C7E961DBA500300338CBB /* MJ_BeautifyPicturesViewController.m in Sources */ = {isa = PBXBuildFile; fileRef = 183C7E951DBA500300338CBB /* MJ_BeautifyPicturesViewController.m */; };
		187681751DC48596002B0E01 /* PECropRectView.m in Sources */ = {isa = PBXBuildFile; fileRef = 1876816A1DC48596002B0E01 /* PECropRectView.m */; };
		187681761DC48596002B0E01 /* PECropView.m in Sources */ = {isa = PBXBuildFile; fileRef = 1876816C1DC48596002B0E01 /* PECropView.m */; };
		187681791DC48596002B0E01 /* PEResizeControl.m in Sources */ = {isa = PBXBuildFile; fileRef = 187681711DC48596002B0E01 /* PEResizeControl.m */; };
		1876817A1DC48596002B0E01 /* UIImage+PECrop.m in Sources */ = {isa = PBXBuildFile; fileRef = 187681731DC48596002B0E01 /* UIImage+PECrop.m */; };
		187681841DC49A49002B0E01 /* PECropViewController.m in Sources */ = {isa = PBXBuildFile; fileRef = 187681831DC49A49002B0E01 /* PECropViewController.m */; };
		18892C031DBDE9BA00524227 /* MJ_CameraPictureCollectionViewCell.m in Sources */ = {isa = PBXBuildFile; fileRef = 18892C021DBDE9BA00524227 /* MJ_CameraPictureCollectionViewCell.m */; };
		18892C061DBE465000524227 /* MJ_ShareCollectionViewCell.m in Sources */ = {isa = PBXBuildFile; fileRef = 18892C051DBE465000524227 /* MJ_ShareCollectionViewCell.m */; };
		494E534C1DC2DF460067E2EC /* CoreGraphics.framework in Frameworks */ = {isa = PBXBuildFile; fileRef = 494E534B1DC2DF460067E2EC /* CoreGraphics.framework */; };
		494E53591DC2EDFF0067E2EC /* QuartzCore.framework in Frameworks */ = {isa = PBXBuildFile; fileRef = 494E53581DC2EDFF0067E2EC /* QuartzCore.framework */; };
		494E53891DC347890067E2EC /* UIView+MJ_AddView.m in Sources */ = {isa = PBXBuildFile; fileRef = 494E53881DC347890067E2EC /* UIView+MJ_AddView.m */; };
		49A6EEFC1DB8FFF500E5F28C /* MJ_BaseViewController.m in Sources */ = {isa = PBXBuildFile; fileRef = 49A6EEF31DB8FFF500E5F28C /* MJ_BaseViewController.m */; };
		49A6EEFE1DB8FFF500E5F28C /* MJ_Button.m in Sources */ = {isa = PBXBuildFile; fileRef = 49A6EEF91DB8FFF500E5F28C /* MJ_Button.m */; };
		49A6EF0A1DB9000200E5F28C /* MJ_RootViewController.m in Sources */ = {isa = PBXBuildFile; fileRef = 49A6EF031DB9000200E5F28C /* MJ_RootViewController.m */; };
		49A6EF0C1DB9000200E5F28C /* MJ_ShareViewController.m in Sources */ = {isa = PBXBuildFile; fileRef = 49A6EF091DB9000200E5F28C /* MJ_ShareViewController.m */; };
		49A6EF111DB9001D00E5F28C /* MJ_CameraPicturesViewController.m in Sources */ = {isa = PBXBuildFile; fileRef = 49A6EF101DB9001D00E5F28C /* MJ_CameraPicturesViewController.m */; };
		49A6EF1B1DB9003200E5F28C /* MJ_CutoutPicturesViewController.m in Sources */ = {isa = PBXBuildFile; fileRef = 49A6EF1A1DB9003200E5F28C /* MJ_CutoutPicturesViewController.m */; };
		49A6EF201DB9003700E5F28C /* MJ_PuzzlePicturesViewController.m in Sources */ = {isa = PBXBuildFile; fileRef = 49A6EF1F1DB9003700E5F28C /* MJ_PuzzlePicturesViewController.m */; };
		6568DB3357F6DED094CE0565 /* libPods-BeautifulUITests.a in Frameworks */ = {isa = PBXBuildFile; fileRef = 0FB9056346DD125E2C347FC0 /* libPods-BeautifulUITests.a */; };
		8547E65083527420A2A7F330 /* libPods-Beautiful.a in Frameworks */ = {isa = PBXBuildFile; fileRef = 46228202385F528AFDFE6874 /* libPods-Beautiful.a */; };
		F19147D2CA30EFBF9DA5AD76 /* libPods-BeautifulTests.a in Frameworks */ = {isa = PBXBuildFile; fileRef = 5A1BD69F1FC5FE6263E47683 /* libPods-BeautifulTests.a */; };
/* End PBXBuildFile section */

/* Begin PBXContainerItemProxy section */
		183C7D691DB761A400338CBB /* PBXContainerItemProxy */ = {
			isa = PBXContainerItemProxy;
			containerPortal = 183C7D471DB761A400338CBB /* Project object */;
			proxyType = 1;
			remoteGlobalIDString = 183C7D4E1DB761A400338CBB;
			remoteInfo = Beautiful;
		};
		183C7D741DB761A400338CBB /* PBXContainerItemProxy */ = {
			isa = PBXContainerItemProxy;
			containerPortal = 183C7D471DB761A400338CBB /* Project object */;
			proxyType = 1;
			remoteGlobalIDString = 183C7D4E1DB761A400338CBB;
			remoteInfo = Beautiful;
		};
/* End PBXContainerItemProxy section */

/* Begin PBXFileReference section */
		0ED659F9C88C3BB92B1F1ED5 /* Pods-Beautiful.release.xcconfig */ = {isa = PBXFileReference; includeInIndex = 1; lastKnownFileType = text.xcconfig; name = "Pods-Beautiful.release.xcconfig"; path = "Pods/Target Support Files/Pods-Beautiful/Pods-Beautiful.release.xcconfig"; sourceTree = "<group>"; };
		0FB9056346DD125E2C347FC0 /* libPods-BeautifulUITests.a */ = {isa = PBXFileReference; explicitFileType = archive.ar; includeInIndex = 0; path = "libPods-BeautifulUITests.a"; sourceTree = BUILT_PRODUCTS_DIR; };
		1804B6EE1DC1F9F00071C466 /* JFAssetHelper.h */ = {isa = PBXFileReference; fileEncoding = 4; lastKnownFileType = sourcecode.c.h; path = JFAssetHelper.h; sourceTree = "<group>"; };
		1804B6EF1DC1F9F00071C466 /* JFAssetHelper.m */ = {isa = PBXFileReference; fileEncoding = 4; lastKnownFileType = sourcecode.c.objc; path = JFAssetHelper.m; sourceTree = "<group>"; };
		1804B6F01DC1F9F00071C466 /* JFImageCollectionViewController.h */ = {isa = PBXFileReference; fileEncoding = 4; lastKnownFileType = sourcecode.c.h; path = JFImageCollectionViewController.h; sourceTree = "<group>"; };
		1804B6F11DC1F9F00071C466 /* JFImageCollectionViewController.m */ = {isa = PBXFileReference; fileEncoding = 4; lastKnownFileType = sourcecode.c.objc; path = JFImageCollectionViewController.m; sourceTree = "<group>"; };
		1804B6F21DC1F9F00071C466 /* JFImageGroupTableViewController.h */ = {isa = PBXFileReference; fileEncoding = 4; lastKnownFileType = sourcecode.c.h; path = JFImageGroupTableViewController.h; sourceTree = "<group>"; };
		1804B6F31DC1F9F00071C466 /* JFImageGroupTableViewController.m */ = {isa = PBXFileReference; fileEncoding = 4; lastKnownFileType = sourcecode.c.objc; path = JFImageGroupTableViewController.m; sourceTree = "<group>"; };
		1804B6F41DC1F9F00071C466 /* JFImageManager.h */ = {isa = PBXFileReference; fileEncoding = 4; lastKnownFileType = sourcecode.c.h; path = JFImageManager.h; sourceTree = "<group>"; };
		1804B6F51DC1F9F00071C466 /* JFImageManager.m */ = {isa = PBXFileReference; fileEncoding = 4; lastKnownFileType = sourcecode.c.objc; path = JFImageManager.m; sourceTree = "<group>"; };
		1804B6F61DC1F9F00071C466 /* JFImagePickerController.h */ = {isa = PBXFileReference; fileEncoding = 4; lastKnownFileType = sourcecode.c.h; path = JFImagePickerController.h; sourceTree = "<group>"; };
		1804B6F71DC1F9F00071C466 /* JFImagePickerController.m */ = {isa = PBXFileReference; fileEncoding = 4; lastKnownFileType = sourcecode.c.objc; path = JFImagePickerController.m; sourceTree = "<group>"; };
		1804B6F81DC1F9F00071C466 /* JFImagePickerViewCell.h */ = {isa = PBXFileReference; fileEncoding = 4; lastKnownFileType = sourcecode.c.h; path = JFImagePickerViewCell.h; sourceTree = "<group>"; };
		1804B6F91DC1F9F00071C466 /* JFImagePickerViewCell.m */ = {isa = PBXFileReference; fileEncoding = 4; lastKnownFileType = sourcecode.c.objc; path = JFImagePickerViewCell.m; sourceTree = "<group>"; };
		1804B6FA1DC1F9F00071C466 /* JFPhotoBrowserViewController.h */ = {isa = PBXFileReference; fileEncoding = 4; lastKnownFileType = sourcecode.c.h; path = JFPhotoBrowserViewController.h; sourceTree = "<group>"; };
		1804B6FB1DC1F9F00071C466 /* JFPhotoBrowserViewController.m */ = {isa = PBXFileReference; fileEncoding = 4; lastKnownFileType = sourcecode.c.objc; path = JFPhotoBrowserViewController.m; sourceTree = "<group>"; };
		1804B6FC1DC1F9F00071C466 /* JFPhotoView.h */ = {isa = PBXFileReference; fileEncoding = 4; lastKnownFileType = sourcecode.c.h; path = JFPhotoView.h; sourceTree = "<group>"; };
		1804B6FD1DC1F9F00071C466 /* JFPhotoView.m */ = {isa = PBXFileReference; fileEncoding = 4; lastKnownFileType = sourcecode.c.objc; path = JFPhotoView.m; sourceTree = "<group>"; };
		183C7D4F1DB761A400338CBB /* Beautiful.app */ = {isa = PBXFileReference; explicitFileType = wrapper.application; includeInIndex = 0; path = Beautiful.app; sourceTree = BUILT_PRODUCTS_DIR; };
		183C7D531DB761A400338CBB /* main.m */ = {isa = PBXFileReference; lastKnownFileType = sourcecode.c.objc; path = main.m; sourceTree = "<group>"; };
		183C7D551DB761A400338CBB /* AppDelegate.h */ = {isa = PBXFileReference; lastKnownFileType = sourcecode.c.h; path = AppDelegate.h; sourceTree = "<group>"; };
		183C7D561DB761A400338CBB /* AppDelegate.m */ = {isa = PBXFileReference; lastKnownFileType = sourcecode.c.objc; path = AppDelegate.m; sourceTree = "<group>"; };
		183C7D5C1DB761A400338CBB /* Base */ = {isa = PBXFileReference; lastKnownFileType = file.storyboard; name = Base; path = Base.lproj/Main.storyboard; sourceTree = "<group>"; };
		183C7D5E1DB761A400338CBB /* Assets.xcassets */ = {isa = PBXFileReference; lastKnownFileType = folder.assetcatalog; path = Assets.xcassets; sourceTree = "<group>"; };
		183C7D611DB761A400338CBB /* Base */ = {isa = PBXFileReference; lastKnownFileType = file.storyboard; name = Base; path = Base.lproj/LaunchScreen.storyboard; sourceTree = "<group>"; };
		183C7D631DB761A400338CBB /* Info.plist */ = {isa = PBXFileReference; lastKnownFileType = text.plist.xml; path = Info.plist; sourceTree = "<group>"; };
		183C7D681DB761A400338CBB /* BeautifulTests.xctest */ = {isa = PBXFileReference; explicitFileType = wrapper.cfbundle; includeInIndex = 0; path = BeautifulTests.xctest; sourceTree = BUILT_PRODUCTS_DIR; };
		183C7D6C1DB761A400338CBB /* BeautifulTests.m */ = {isa = PBXFileReference; lastKnownFileType = sourcecode.c.objc; path = BeautifulTests.m; sourceTree = "<group>"; };
		183C7D6E1DB761A400338CBB /* Info.plist */ = {isa = PBXFileReference; lastKnownFileType = text.plist.xml; path = Info.plist; sourceTree = "<group>"; };
		183C7D731DB761A400338CBB /* BeautifulUITests.xctest */ = {isa = PBXFileReference; explicitFileType = wrapper.cfbundle; includeInIndex = 0; path = BeautifulUITests.xctest; sourceTree = BUILT_PRODUCTS_DIR; };
		183C7D771DB761A400338CBB /* BeautifulUITests.m */ = {isa = PBXFileReference; lastKnownFileType = sourcecode.c.objc; path = BeautifulUITests.m; sourceTree = "<group>"; };
		183C7D791DB761A400338CBB /* Info.plist */ = {isa = PBXFileReference; lastKnownFileType = text.plist.xml; path = Info.plist; sourceTree = "<group>"; };
		183C7D8B1DB7695300338CBB /* MJ_PrefixHeader.pch */ = {isa = PBXFileReference; lastKnownFileType = sourcecode.c.h; path = MJ_PrefixHeader.pch; sourceTree = "<group>"; };
		183C7E861DBA181300338CBB /* MJ_CurrentPictureViewController.h */ = {isa = PBXFileReference; fileEncoding = 4; lastKnownFileType = sourcecode.c.h; path = MJ_CurrentPictureViewController.h; sourceTree = "<group>"; };
		183C7E871DBA181300338CBB /* MJ_CurrentPictureViewController.m */ = {isa = PBXFileReference; fileEncoding = 4; lastKnownFileType = sourcecode.c.objc; path = MJ_CurrentPictureViewController.m; sourceTree = "<group>"; };
		183C7E8B1DBA376A00338CBB /* MJ_CurrentPicturesCollectionViewCell.h */ = {isa = PBXFileReference; fileEncoding = 4; lastKnownFileType = sourcecode.c.h; path = MJ_CurrentPicturesCollectionViewCell.h; sourceTree = "<group>"; };
		183C7E8C1DBA376A00338CBB /* MJ_CurrentPicturesCollectionViewCell.m */ = {isa = PBXFileReference; fileEncoding = 4; lastKnownFileType = sourcecode.c.objc; path = MJ_CurrentPicturesCollectionViewCell.m; sourceTree = "<group>"; };
		183C7E8E1DBA37AF00338CBB /* MJ_BaseView.h */ = {isa = PBXFileReference; fileEncoding = 4; lastKnownFileType = sourcecode.c.h; path = MJ_BaseView.h; sourceTree = "<group>"; };
		183C7E8F1DBA37AF00338CBB /* MJ_BaseView.m */ = {isa = PBXFileReference; fileEncoding = 4; lastKnownFileType = sourcecode.c.objc; path = MJ_BaseView.m; sourceTree = "<group>"; };
		183C7E911DBA37C900338CBB /* MJ_BaseModel.h */ = {isa = PBXFileReference; fileEncoding = 4; lastKnownFileType = sourcecode.c.h; path = MJ_BaseModel.h; sourceTree = "<group>"; };
		183C7E921DBA37C900338CBB /* MJ_BaseModel.m */ = {isa = PBXFileReference; fileEncoding = 4; lastKnownFileType = sourcecode.c.objc; path = MJ_BaseModel.m; sourceTree = "<group>"; };
		183C7E941DBA500300338CBB /* MJ_BeautifyPicturesViewController.h */ = {isa = PBXFileReference; fileEncoding = 4; lastKnownFileType = sourcecode.c.h; path = MJ_BeautifyPicturesViewController.h; sourceTree = "<group>"; };
		183C7E951DBA500300338CBB /* MJ_BeautifyPicturesViewController.m */ = {isa = PBXFileReference; fileEncoding = 4; lastKnownFileType = sourcecode.c.objc; path = MJ_BeautifyPicturesViewController.m; sourceTree = "<group>"; };
		187681691DC48596002B0E01 /* PECropRectView.h */ = {isa = PBXFileReference; fileEncoding = 4; lastKnownFileType = sourcecode.c.h; path = PECropRectView.h; sourceTree = "<group>"; };
		1876816A1DC48596002B0E01 /* PECropRectView.m */ = {isa = PBXFileReference; fileEncoding = 4; lastKnownFileType = sourcecode.c.objc; path = PECropRectView.m; sourceTree = "<group>"; };
		1876816B1DC48596002B0E01 /* PECropView.h */ = {isa = PBXFileReference; fileEncoding = 4; lastKnownFileType = sourcecode.c.h; path = PECropView.h; sourceTree = "<group>"; };
		1876816C1DC48596002B0E01 /* PECropView.m */ = {isa = PBXFileReference; fileEncoding = 4; lastKnownFileType = sourcecode.c.objc; path = PECropView.m; sourceTree = "<group>"; };
		187681701DC48596002B0E01 /* PEResizeControl.h */ = {isa = PBXFileReference; fileEncoding = 4; lastKnownFileType = sourcecode.c.h; path = PEResizeControl.h; sourceTree = "<group>"; };
		187681711DC48596002B0E01 /* PEResizeControl.m */ = {isa = PBXFileReference; fileEncoding = 4; lastKnownFileType = sourcecode.c.objc; path = PEResizeControl.m; sourceTree = "<group>"; };
		187681721DC48596002B0E01 /* UIImage+PECrop.h */ = {isa = PBXFileReference; fileEncoding = 4; lastKnownFileType = sourcecode.c.h; path = "UIImage+PECrop.h"; sourceTree = "<group>"; };
		187681731DC48596002B0E01 /* UIImage+PECrop.m */ = {isa = PBXFileReference; fileEncoding = 4; lastKnownFileType = sourcecode.c.objc; path = "UIImage+PECrop.m"; sourceTree = "<group>"; };
		187681821DC49A49002B0E01 /* PECropViewController.h */ = {isa = PBXFileReference; fileEncoding = 4; lastKnownFileType = sourcecode.c.h; path = PECropViewController.h; sourceTree = "<group>"; };
		187681831DC49A49002B0E01 /* PECropViewController.m */ = {isa = PBXFileReference; fileEncoding = 4; lastKnownFileType = sourcecode.c.objc; path = PECropViewController.m; sourceTree = "<group>"; };
		18892C011DBDE9BA00524227 /* MJ_CameraPictureCollectionViewCell.h */ = {isa = PBXFileReference; fileEncoding = 4; lastKnownFileType = sourcecode.c.h; path = MJ_CameraPictureCollectionViewCell.h; sourceTree = "<group>"; };
		18892C021DBDE9BA00524227 /* MJ_CameraPictureCollectionViewCell.m */ = {isa = PBXFileReference; fileEncoding = 4; lastKnownFileType = sourcecode.c.objc; path = MJ_CameraPictureCollectionViewCell.m; sourceTree = "<group>"; };
		18892C041DBE465000524227 /* MJ_ShareCollectionViewCell.h */ = {isa = PBXFileReference; fileEncoding = 4; lastKnownFileType = sourcecode.c.h; path = MJ_ShareCollectionViewCell.h; sourceTree = "<group>"; };
		18892C051DBE465000524227 /* MJ_ShareCollectionViewCell.m */ = {isa = PBXFileReference; fileEncoding = 4; lastKnownFileType = sourcecode.c.objc; path = MJ_ShareCollectionViewCell.m; sourceTree = "<group>"; };
		272D7B2CEE505AA46A98F809 /* Pods-BeautifulTests.release.xcconfig */ = {isa = PBXFileReference; includeInIndex = 1; lastKnownFileType = text.xcconfig; name = "Pods-BeautifulTests.release.xcconfig"; path = "Pods/Target Support Files/Pods-BeautifulTests/Pods-BeautifulTests.release.xcconfig"; sourceTree = "<group>"; };
		46228202385F528AFDFE6874 /* libPods-Beautiful.a */ = {isa = PBXFileReference; explicitFileType = archive.ar; includeInIndex = 0; path = "libPods-Beautiful.a"; sourceTree = BUILT_PRODUCTS_DIR; };
		494E534B1DC2DF460067E2EC /* CoreGraphics.framework */ = {isa = PBXFileReference; lastKnownFileType = wrapper.framework; name = CoreGraphics.framework; path = System/Library/Frameworks/CoreGraphics.framework; sourceTree = SDKROOT; };
		494E53581DC2EDFF0067E2EC /* QuartzCore.framework */ = {isa = PBXFileReference; lastKnownFileType = wrapper.framework; name = QuartzCore.framework; path = System/Library/Frameworks/QuartzCore.framework; sourceTree = SDKROOT; };
		494E53871DC347890067E2EC /* UIView+MJ_AddView.h */ = {isa = PBXFileReference; fileEncoding = 4; lastKnownFileType = sourcecode.c.h; path = "UIView+MJ_AddView.h"; sourceTree = "<group>"; };
		494E53881DC347890067E2EC /* UIView+MJ_AddView.m */ = {isa = PBXFileReference; fileEncoding = 4; lastKnownFileType = sourcecode.c.objc; path = "UIView+MJ_AddView.m"; sourceTree = "<group>"; };
		49A6EEF21DB8FFF500E5F28C /* MJ_BaseViewController.h */ = {isa = PBXFileReference; fileEncoding = 4; lastKnownFileType = sourcecode.c.h; path = MJ_BaseViewController.h; sourceTree = "<group>"; };
		49A6EEF31DB8FFF500E5F28C /* MJ_BaseViewController.m */ = {isa = PBXFileReference; fileEncoding = 4; lastKnownFileType = sourcecode.c.objc; path = MJ_BaseViewController.m; sourceTree = "<group>"; };
		49A6EEF81DB8FFF500E5F28C /* MJ_Button.h */ = {isa = PBXFileReference; fileEncoding = 4; lastKnownFileType = sourcecode.c.h; path = MJ_Button.h; sourceTree = "<group>"; };
		49A6EEF91DB8FFF500E5F28C /* MJ_Button.m */ = {isa = PBXFileReference; fileEncoding = 4; lastKnownFileType = sourcecode.c.objc; path = MJ_Button.m; sourceTree = "<group>"; };
		49A6EF021DB9000200E5F28C /* MJ_RootViewController.h */ = {isa = PBXFileReference; fileEncoding = 4; lastKnownFileType = sourcecode.c.h; path = MJ_RootViewController.h; sourceTree = "<group>"; };
		49A6EF031DB9000200E5F28C /* MJ_RootViewController.m */ = {isa = PBXFileReference; fileEncoding = 4; lastKnownFileType = sourcecode.c.objc; path = MJ_RootViewController.m; sourceTree = "<group>"; };
		49A6EF081DB9000200E5F28C /* MJ_ShareViewController.h */ = {isa = PBXFileReference; fileEncoding = 4; lastKnownFileType = sourcecode.c.h; path = MJ_ShareViewController.h; sourceTree = "<group>"; };
		49A6EF091DB9000200E5F28C /* MJ_ShareViewController.m */ = {isa = PBXFileReference; fileEncoding = 4; lastKnownFileType = sourcecode.c.objc; path = MJ_ShareViewController.m; sourceTree = "<group>"; };
		49A6EF0F1DB9001D00E5F28C /* MJ_CameraPicturesViewController.h */ = {isa = PBXFileReference; fileEncoding = 4; lastKnownFileType = sourcecode.c.h; path = MJ_CameraPicturesViewController.h; sourceTree = "<group>"; };
		49A6EF101DB9001D00E5F28C /* MJ_CameraPicturesViewController.m */ = {isa = PBXFileReference; fileEncoding = 4; lastKnownFileType = sourcecode.c.objc; path = MJ_CameraPicturesViewController.m; sourceTree = "<group>"; };
		49A6EF191DB9003200E5F28C /* MJ_CutoutPicturesViewController.h */ = {isa = PBXFileReference; fileEncoding = 4; lastKnownFileType = sourcecode.c.h; path = MJ_CutoutPicturesViewController.h; sourceTree = "<group>"; };
		49A6EF1A1DB9003200E5F28C /* MJ_CutoutPicturesViewController.m */ = {isa = PBXFileReference; fileEncoding = 4; lastKnownFileType = sourcecode.c.objc; path = MJ_CutoutPicturesViewController.m; sourceTree = "<group>"; };
		49A6EF1E1DB9003700E5F28C /* MJ_PuzzlePicturesViewController.h */ = {isa = PBXFileReference; fileEncoding = 4; lastKnownFileType = sourcecode.c.h; path = MJ_PuzzlePicturesViewController.h; sourceTree = "<group>"; };
		49A6EF1F1DB9003700E5F28C /* MJ_PuzzlePicturesViewController.m */ = {isa = PBXFileReference; fileEncoding = 4; lastKnownFileType = sourcecode.c.objc; path = MJ_PuzzlePicturesViewController.m; sourceTree = "<group>"; };
		5A1BD69F1FC5FE6263E47683 /* libPods-BeautifulTests.a */ = {isa = PBXFileReference; explicitFileType = archive.ar; includeInIndex = 0; path = "libPods-BeautifulTests.a"; sourceTree = BUILT_PRODUCTS_DIR; };
		70BCB35D69C5449BEE1B5090 /* Pods-BeautifulTests.debug.xcconfig */ = {isa = PBXFileReference; includeInIndex = 1; lastKnownFileType = text.xcconfig; name = "Pods-BeautifulTests.debug.xcconfig"; path = "Pods/Target Support Files/Pods-BeautifulTests/Pods-BeautifulTests.debug.xcconfig"; sourceTree = "<group>"; };
		7364EA483645F6335ABBB4A4 /* Pods-BeautifulUITests.debug.xcconfig */ = {isa = PBXFileReference; includeInIndex = 1; lastKnownFileType = text.xcconfig; name = "Pods-BeautifulUITests.debug.xcconfig"; path = "Pods/Target Support Files/Pods-BeautifulUITests/Pods-BeautifulUITests.debug.xcconfig"; sourceTree = "<group>"; };
		A27AA814A638F87A8AEF6EBA /* Pods-BeautifulUITests.release.xcconfig */ = {isa = PBXFileReference; includeInIndex = 1; lastKnownFileType = text.xcconfig; name = "Pods-BeautifulUITests.release.xcconfig"; path = "Pods/Target Support Files/Pods-BeautifulUITests/Pods-BeautifulUITests.release.xcconfig"; sourceTree = "<group>"; };
		DB7EE009A9FB4ABE0A1048A7 /* Pods-Beautiful.debug.xcconfig */ = {isa = PBXFileReference; includeInIndex = 1; lastKnownFileType = text.xcconfig; name = "Pods-Beautiful.debug.xcconfig"; path = "Pods/Target Support Files/Pods-Beautiful/Pods-Beautiful.debug.xcconfig"; sourceTree = "<group>"; };
/* End PBXFileReference section */

/* Begin PBXFrameworksBuildPhase section */
		183C7D4C1DB761A400338CBB /* Frameworks */ = {
			isa = PBXFrameworksBuildPhase;
			buildActionMask = 2147483647;
			files = (
				494E53591DC2EDFF0067E2EC /* QuartzCore.framework in Frameworks */,
				494E534C1DC2DF460067E2EC /* CoreGraphics.framework in Frameworks */,
				8547E65083527420A2A7F330 /* libPods-Beautiful.a in Frameworks */,
			);
			runOnlyForDeploymentPostprocessing = 0;
		};
		183C7D651DB761A400338CBB /* Frameworks */ = {
			isa = PBXFrameworksBuildPhase;
			buildActionMask = 2147483647;
			files = (
				F19147D2CA30EFBF9DA5AD76 /* libPods-BeautifulTests.a in Frameworks */,
			);
			runOnlyForDeploymentPostprocessing = 0;
		};
		183C7D701DB761A400338CBB /* Frameworks */ = {
			isa = PBXFrameworksBuildPhase;
			buildActionMask = 2147483647;
			files = (
				6568DB3357F6DED094CE0565 /* libPods-BeautifulUITests.a in Frameworks */,
			);
			runOnlyForDeploymentPostprocessing = 0;
		};
/* End PBXFrameworksBuildPhase section */

/* Begin PBXGroup section */
		1804B6ED1DC1F9F00071C466 /* JFImagePickerController */ = {
			isa = PBXGroup;
			children = (
				1804B6EE1DC1F9F00071C466 /* JFAssetHelper.h */,
				1804B6EF1DC1F9F00071C466 /* JFAssetHelper.m */,
				1804B6F01DC1F9F00071C466 /* JFImageCollectionViewController.h */,
				1804B6F11DC1F9F00071C466 /* JFImageCollectionViewController.m */,
				1804B6F21DC1F9F00071C466 /* JFImageGroupTableViewController.h */,
				1804B6F31DC1F9F00071C466 /* JFImageGroupTableViewController.m */,
				1804B6F41DC1F9F00071C466 /* JFImageManager.h */,
				1804B6F51DC1F9F00071C466 /* JFImageManager.m */,
				1804B6F61DC1F9F00071C466 /* JFImagePickerController.h */,
				1804B6F71DC1F9F00071C466 /* JFImagePickerController.m */,
				1804B6F81DC1F9F00071C466 /* JFImagePickerViewCell.h */,
				1804B6F91DC1F9F00071C466 /* JFImagePickerViewCell.m */,
				1804B6FA1DC1F9F00071C466 /* JFPhotoBrowserViewController.h */,
				1804B6FB1DC1F9F00071C466 /* JFPhotoBrowserViewController.m */,
				1804B6FC1DC1F9F00071C466 /* JFPhotoView.h */,
				1804B6FD1DC1F9F00071C466 /* JFPhotoView.m */,
			);
			path = JFImagePickerController;
			sourceTree = "<group>";
		};
		183C7D461DB761A400338CBB = {
			isa = PBXGroup;
			children = (
				183C7D511DB761A400338CBB /* Beautiful */,
				183C7D6B1DB761A400338CBB /* BeautifulTests */,
				183C7D761DB761A400338CBB /* BeautifulUITests */,
				D3DFB889EC4AA92873A75B32 /* Frameworks */,
				A25DC9B98E1F406846F7D1A3 /* Pods */,
				183C7D501DB761A400338CBB /* Products */,
				183C7D521DB761A400338CBB /* Supporting Files */,
			);
			sourceTree = "<group>";
		};
		183C7D501DB761A400338CBB /* Products */ = {
			isa = PBXGroup;
			children = (
				183C7D4F1DB761A400338CBB /* Beautiful.app */,
				183C7D681DB761A400338CBB /* BeautifulTests.xctest */,
				183C7D731DB761A400338CBB /* BeautifulUITests.xctest */,
			);
			name = Products;
			sourceTree = "<group>";
		};
		183C7D511DB761A400338CBB /* Beautiful */ = {
			isa = PBXGroup;
			children = (
				49A6EEF01DB8FFF500E5F28C /* A_Base */,
				49A6EF001DB9000200E5F28C /* B_Root_首页 */,
				49A6EF0D1DB9001D00E5F28C /* C_CameraPictures_拍图 */,
				49A6EF121DB9002C00E5F28C /* D_BeautifyPictures_美图 */,
				49A6EF1C1DB9003700E5F28C /* E_PuzzlePictures_拼图 */,
				49A6EF171DB9003200E5F28C /* F_CutoutPictures_抠图 */,
				183C7D551DB761A400338CBB /* AppDelegate.h */,
				183C7D561DB761A400338CBB /* AppDelegate.m */,
				183C7D5E1DB761A400338CBB /* Assets.xcassets */,
				183C7D631DB761A400338CBB /* Info.plist */,
				183C7D601DB761A400338CBB /* LaunchScreen.storyboard */,
				183C7D8B1DB7695300338CBB /* MJ_PrefixHeader.pch */,
				183C7D5B1DB761A400338CBB /* Main.storyboard */,
			);
			path = Beautiful;
			sourceTree = "<group>";
		};
		183C7D521DB761A400338CBB /* Supporting Files */ = {
			isa = PBXGroup;
			children = (
				183C7D531DB761A400338CBB /* main.m */,
			);
			path = "Supporting Files";
			sourceTree = "<group>";
		};
		183C7D6B1DB761A400338CBB /* BeautifulTests */ = {
			isa = PBXGroup;
			children = (
				183C7D6C1DB761A400338CBB /* BeautifulTests.m */,
				183C7D6E1DB761A400338CBB /* Info.plist */,
			);
			path = BeautifulTests;
			sourceTree = "<group>";
		};
		183C7D761DB761A400338CBB /* BeautifulUITests */ = {
			isa = PBXGroup;
			children = (
				183C7D771DB761A400338CBB /* BeautifulUITests.m */,
				183C7D791DB761A400338CBB /* Info.plist */,
			);
			path = BeautifulUITests;
			sourceTree = "<group>";
		};
		183C7E891DBA36BF00338CBB /* View */ = {
			isa = PBXGroup;
			children = (
				18892C011DBDE9BA00524227 /* MJ_CameraPictureCollectionViewCell.h */,
				18892C021DBDE9BA00524227 /* MJ_CameraPictureCollectionViewCell.m */,
				183C7E8B1DBA376A00338CBB /* MJ_CurrentPicturesCollectionViewCell.h */,
				183C7E8C1DBA376A00338CBB /* MJ_CurrentPicturesCollectionViewCell.m */,
			);
			path = View;
			sourceTree = "<group>";
		};
		187681661DC48441002B0E01 /* CropTool_截图 */ = {
			isa = PBXGroup;
			children = (
				187681811DC48E32002B0E01 /* Controller */,
				187681801DC48E29002B0E01 /* View */,
			);
			path = "CropTool_截图";
			sourceTree = "<group>";
		};
		187681801DC48E29002B0E01 /* View */ = {
			isa = PBXGroup;
			children = (
				187681691DC48596002B0E01 /* PECropRectView.h */,
				1876816A1DC48596002B0E01 /* PECropRectView.m */,
				1876816B1DC48596002B0E01 /* PECropView.h */,
				1876816C1DC48596002B0E01 /* PECropView.m */,
				187681701DC48596002B0E01 /* PEResizeControl.h */,
				187681711DC48596002B0E01 /* PEResizeControl.m */,
				187681721DC48596002B0E01 /* UIImage+PECrop.h */,
				187681731DC48596002B0E01 /* UIImage+PECrop.m */,
			);
			path = View;
			sourceTree = "<group>";
		};
		187681811DC48E32002B0E01 /* Controller */ = {
			isa = PBXGroup;
			children = (
				187681821DC49A49002B0E01 /* PECropViewController.h */,
				187681831DC49A49002B0E01 /* PECropViewController.m */,
			);
			path = Controller;
			sourceTree = "<group>";
		};
		187681851DC4AA63002B0E01 /* View */ = {
			isa = PBXGroup;
			children = (
				18892C041DBE465000524227 /* MJ_ShareCollectionViewCell.h */,
				18892C051DBE465000524227 /* MJ_ShareCollectionViewCell.m */,
			);
			path = View;
			sourceTree = "<group>";
		};
		187681861DC4AA6A002B0E01 /* Controller */ = {
			isa = PBXGroup;
			children = (
				49A6EF081DB9000200E5F28C /* MJ_ShareViewController.h */,
				49A6EF091DB9000200E5F28C /* MJ_ShareViewController.m */,
			);
			path = Controller;
			sourceTree = "<group>";
		};
		494E53831DC3462D0067E2EC /* View */ = {
			isa = PBXGroup;
			children = (
				494E53871DC347890067E2EC /* UIView+MJ_AddView.h */,
				494E53881DC347890067E2EC /* UIView+MJ_AddView.m */,
			);
			path = View;
			sourceTree = "<group>";
		};
		49A6EEF01DB8FFF500E5F28C /* A_Base */ = {
			isa = PBXGroup;
			children = (
				49A6EEF11DB8FFF500E5F28C /* Controller */,
				49A6EEF41DB8FFF500E5F28C /* Model */,
				49A6EEF71DB8FFF500E5F28C /* View */,
			);
			path = A_Base;
			sourceTree = "<group>";
		};
		49A6EEF11DB8FFF500E5F28C /* Controller */ = {
			isa = PBXGroup;
			children = (
				49A6EEF21DB8FFF500E5F28C /* MJ_BaseViewController.h */,
				49A6EEF31DB8FFF500E5F28C /* MJ_BaseViewController.m */,
			);
			path = Controller;
			sourceTree = "<group>";
		};
		49A6EEF41DB8FFF500E5F28C /* Model */ = {
			isa = PBXGroup;
			children = (
				183C7E911DBA37C900338CBB /* MJ_BaseModel.h */,
				183C7E921DBA37C900338CBB /* MJ_BaseModel.m */,
			);
			path = Model;
			sourceTree = "<group>";
		};
		49A6EEF71DB8FFF500E5F28C /* View */ = {
			isa = PBXGroup;
			children = (
				183C7E8E1DBA37AF00338CBB /* MJ_BaseView.h */,
				183C7E8F1DBA37AF00338CBB /* MJ_BaseView.m */,
				49A6EEF81DB8FFF500E5F28C /* MJ_Button.h */,
				49A6EEF91DB8FFF500E5F28C /* MJ_Button.m */,
			);
			path = View;
			sourceTree = "<group>";
		};
		49A6EF001DB9000200E5F28C /* B_Root_首页 */ = {
			isa = PBXGroup;
			children = (
				49A6EF011DB9000200E5F28C /* Controller */,
				49A6EF071DB9000200E5F28C /* SaveAndShare_保存分享 */,
			);
			path = "B_Root_首页";
			sourceTree = "<group>";
		};
		49A6EF011DB9000200E5F28C /* Controller */ = {
			isa = PBXGroup;
			children = (
				49A6EF021DB9000200E5F28C /* MJ_RootViewController.h */,
				49A6EF031DB9000200E5F28C /* MJ_RootViewController.m */,
			);
			path = Controller;
			sourceTree = "<group>";
		};
		49A6EF071DB9000200E5F28C /* SaveAndShare_保存分享 */ = {
			isa = PBXGroup;
			children = (
				187681861DC4AA6A002B0E01 /* Controller */,
				187681851DC4AA63002B0E01 /* View */,
			);
			path = "SaveAndShare_保存分享";
			sourceTree = "<group>";
		};
		49A6EF0D1DB9001D00E5F28C /* C_CameraPictures_拍图 */ = {
			isa = PBXGroup;
			children = (
				49A6EF0E1DB9001D00E5F28C /* Controller */,
				183C7E891DBA36BF00338CBB /* View */,
			);
			path = "C_CameraPictures_拍图";
			sourceTree = "<group>";
		};
		49A6EF0E1DB9001D00E5F28C /* Controller */ = {
			isa = PBXGroup;
			children = (
				49A6EF0F1DB9001D00E5F28C /* MJ_CameraPicturesViewController.h */,
				49A6EF101DB9001D00E5F28C /* MJ_CameraPicturesViewController.m */,
				183C7E861DBA181300338CBB /* MJ_CurrentPictureViewController.h */,
				183C7E871DBA181300338CBB /* MJ_CurrentPictureViewController.m */,
			);
			path = Controller;
			sourceTree = "<group>";
		};
		49A6EF121DB9002C00E5F28C /* D_BeautifyPictures_美图 */ = {
			isa = PBXGroup;
			children = (
				49A6EF131DB9002C00E5F28C /* Controller */,
				187681661DC48441002B0E01 /* CropTool_截图 */,
				494E53831DC3462D0067E2EC /* View */,
			);
			path = "D_BeautifyPictures_美图";
			sourceTree = "<group>";
		};
		49A6EF131DB9002C00E5F28C /* Controller */ = {
			isa = PBXGroup;
			children = (
				183C7E941DBA500300338CBB /* MJ_BeautifyPicturesViewController.h */,
				183C7E951DBA500300338CBB /* MJ_BeautifyPicturesViewController.m */,
			);
			path = Controller;
			sourceTree = "<group>";
		};
		49A6EF171DB9003200E5F28C /* F_CutoutPictures_抠图 */ = {
			isa = PBXGroup;
			children = (
				49A6EF181DB9003200E5F28C /* Controller */,
			);
			path = "F_CutoutPictures_抠图";
			sourceTree = "<group>";
		};
		49A6EF181DB9003200E5F28C /* Controller */ = {
			isa = PBXGroup;
			children = (
				49A6EF191DB9003200E5F28C /* MJ_CutoutPicturesViewController.h */,
				49A6EF1A1DB9003200E5F28C /* MJ_CutoutPicturesViewController.m */,
			);
			path = Controller;
			sourceTree = "<group>";
		};
		49A6EF1C1DB9003700E5F28C /* E_PuzzlePictures_拼图 */ = {
			isa = PBXGroup;
			children = (
				49A6EF1D1DB9003700E5F28C /* Controller */,
				1804B6ED1DC1F9F00071C466 /* JFImagePickerController */,
			);
			path = "E_PuzzlePictures_拼图";
			sourceTree = "<group>";
		};
		49A6EF1D1DB9003700E5F28C /* Controller */ = {
			isa = PBXGroup;
			children = (
				49A6EF1E1DB9003700E5F28C /* MJ_PuzzlePicturesViewController.h */,
				49A6EF1F1DB9003700E5F28C /* MJ_PuzzlePicturesViewController.m */,
			);
			path = Controller;
			sourceTree = "<group>";
		};
		A25DC9B98E1F406846F7D1A3 /* Pods */ = {
			isa = PBXGroup;
			children = (
				DB7EE009A9FB4ABE0A1048A7 /* Pods-Beautiful.debug.xcconfig */,
				0ED659F9C88C3BB92B1F1ED5 /* Pods-Beautiful.release.xcconfig */,
				70BCB35D69C5449BEE1B5090 /* Pods-BeautifulTests.debug.xcconfig */,
				272D7B2CEE505AA46A98F809 /* Pods-BeautifulTests.release.xcconfig */,
				7364EA483645F6335ABBB4A4 /* Pods-BeautifulUITests.debug.xcconfig */,
				A27AA814A638F87A8AEF6EBA /* Pods-BeautifulUITests.release.xcconfig */,
			);
			name = Pods;
			sourceTree = "<group>";
		};
		D3DFB889EC4AA92873A75B32 /* Frameworks */ = {
			isa = PBXGroup;
			children = (
				494E53581DC2EDFF0067E2EC /* QuartzCore.framework */,
				494E534B1DC2DF460067E2EC /* CoreGraphics.framework */,
				46228202385F528AFDFE6874 /* libPods-Beautiful.a */,
				5A1BD69F1FC5FE6263E47683 /* libPods-BeautifulTests.a */,
				0FB9056346DD125E2C347FC0 /* libPods-BeautifulUITests.a */,
			);
			name = Frameworks;
			sourceTree = "<group>";
		};
/* End PBXGroup section */

/* Begin PBXNativeTarget section */
		183C7D4E1DB761A400338CBB /* Beautiful */ = {
			isa = PBXNativeTarget;
			buildConfigurationList = 183C7D7C1DB761A400338CBB /* Build configuration list for PBXNativeTarget "Beautiful" */;
			buildPhases = (
				B37E6C04CBDDF6802B1E8BBE /* [CP] Check Pods Manifest.lock */,
				183C7D4B1DB761A400338CBB /* Sources */,
				183C7D4C1DB761A400338CBB /* Frameworks */,
				183C7D4D1DB761A400338CBB /* Resources */,
				62EFA6DA347CAF0AC4434E7B /* [CP] Embed Pods Frameworks */,
				7EB285511BC802E5E5574236 /* [CP] Copy Pods Resources */,
			);
			buildRules = (
			);
			dependencies = (
			);
			name = Beautiful;
			productName = Beautiful;
			productReference = 183C7D4F1DB761A400338CBB /* Beautiful.app */;
			productType = "com.apple.product-type.application";
		};
		183C7D671DB761A400338CBB /* BeautifulTests */ = {
			isa = PBXNativeTarget;
			buildConfigurationList = 183C7D7F1DB761A400338CBB /* Build configuration list for PBXNativeTarget "BeautifulTests" */;
			buildPhases = (
				A96D155B3763E43CE6FDD6B2 /* [CP] Check Pods Manifest.lock */,
				183C7D641DB761A400338CBB /* Sources */,
				183C7D651DB761A400338CBB /* Frameworks */,
				183C7D661DB761A400338CBB /* Resources */,
				413EF7E30AF2BB76C553B93F /* [CP] Embed Pods Frameworks */,
				26B26DCA0DED05B02A5F74F7 /* [CP] Copy Pods Resources */,
			);
			buildRules = (
			);
			dependencies = (
				183C7D6A1DB761A400338CBB /* PBXTargetDependency */,
			);
			name = BeautifulTests;
			productName = BeautifulTests;
			productReference = 183C7D681DB761A400338CBB /* BeautifulTests.xctest */;
			productType = "com.apple.product-type.bundle.unit-test";
		};
		183C7D721DB761A400338CBB /* BeautifulUITests */ = {
			isa = PBXNativeTarget;
			buildConfigurationList = 183C7D821DB761A400338CBB /* Build configuration list for PBXNativeTarget "BeautifulUITests" */;
			buildPhases = (
				A64087124D903EE048B9CA09 /* [CP] Check Pods Manifest.lock */,
				183C7D6F1DB761A400338CBB /* Sources */,
				183C7D701DB761A400338CBB /* Frameworks */,
				183C7D711DB761A400338CBB /* Resources */,
				E2D710D5BEEABA5741F13D50 /* [CP] Copy Pods Resources */,
			);
			buildRules = (
			);
			dependencies = (
				183C7D751DB761A400338CBB /* PBXTargetDependency */,
			);
			name = BeautifulUITests;
			productName = BeautifulUITests;
			productReference = 183C7D731DB761A400338CBB /* BeautifulUITests.xctest */;
			productType = "com.apple.product-type.bundle.ui-testing";
		};
/* End PBXNativeTarget section */

/* Begin PBXProject section */
		183C7D471DB761A400338CBB /* Project object */ = {
			isa = PBXProject;
			attributes = {
				CLASSPREFIX = MJ;
				LastUpgradeCheck = 0720;
				ORGANIZATIONNAME = "最美的你";
				TargetAttributes = {
					183C7D4E1DB761A400338CBB = {
						CreatedOnToolsVersion = 7.2;
						ProvisioningStyle = Manual;
					};
					183C7D671DB761A400338CBB = {
						CreatedOnToolsVersion = 7.2;
						TestTargetID = 183C7D4E1DB761A400338CBB;
					};
					183C7D721DB761A400338CBB = {
						CreatedOnToolsVersion = 7.2;
						TestTargetID = 183C7D4E1DB761A400338CBB;
					};
				};
			};
			buildConfigurationList = 183C7D4A1DB761A400338CBB /* Build configuration list for PBXProject "Beautiful" */;
			compatibilityVersion = "Xcode 3.2";
			developmentRegion = English;
			hasScannedForEncodings = 0;
			knownRegions = (
				en,
				Base,
			);
			mainGroup = 183C7D461DB761A400338CBB;
			productRefGroup = 183C7D501DB761A400338CBB /* Products */;
			projectDirPath = "";
			projectRoot = "";
			targets = (
				183C7D4E1DB761A400338CBB /* Beautiful */,
				183C7D671DB761A400338CBB /* BeautifulTests */,
				183C7D721DB761A400338CBB /* BeautifulUITests */,
			);
		};
/* End PBXProject section */

/* Begin PBXResourcesBuildPhase section */
		183C7D4D1DB761A400338CBB /* Resources */ = {
			isa = PBXResourcesBuildPhase;
			buildActionMask = 2147483647;
			files = (
				183C7D621DB761A400338CBB /* LaunchScreen.storyboard in Resources */,
				183C7D5F1DB761A400338CBB /* Assets.xcassets in Resources */,
				183C7D5D1DB761A400338CBB /* Main.storyboard in Resources */,
			);
			runOnlyForDeploymentPostprocessing = 0;
		};
		183C7D661DB761A400338CBB /* Resources */ = {
			isa = PBXResourcesBuildPhase;
			buildActionMask = 2147483647;
			files = (
			);
			runOnlyForDeploymentPostprocessing = 0;
		};
		183C7D711DB761A400338CBB /* Resources */ = {
			isa = PBXResourcesBuildPhase;
			buildActionMask = 2147483647;
			files = (
			);
			runOnlyForDeploymentPostprocessing = 0;
		};
/* End PBXResourcesBuildPhase section */

/* Begin PBXShellScriptBuildPhase section */
		26B26DCA0DED05B02A5F74F7 /* [CP] Copy Pods Resources */ = {
			isa = PBXShellScriptBuildPhase;
			buildActionMask = 2147483647;
			files = (
			);
			inputPaths = (
			);
			name = "[CP] Copy Pods Resources";
			outputPaths = (
			);
			runOnlyForDeploymentPostprocessing = 0;
			shellPath = /bin/sh;
			shellScript = "\"${SRCROOT}/Pods/Target Support Files/Pods-BeautifulTests/Pods-BeautifulTests-resources.sh\"\n";
			showEnvVarsInLog = 0;
		};
		413EF7E30AF2BB76C553B93F /* [CP] Embed Pods Frameworks */ = {
			isa = PBXShellScriptBuildPhase;
			buildActionMask = 2147483647;
			files = (
			);
			inputPaths = (
			);
			name = "[CP] Embed Pods Frameworks";
			outputPaths = (
			);
			runOnlyForDeploymentPostprocessing = 0;
			shellPath = /bin/sh;
			shellScript = "\"${SRCROOT}/Pods/Target Support Files/Pods-BeautifulTests/Pods-BeautifulTests-frameworks.sh\"\n";
			showEnvVarsInLog = 0;
		};
		62EFA6DA347CAF0AC4434E7B /* [CP] Embed Pods Frameworks */ = {
			isa = PBXShellScriptBuildPhase;
			buildActionMask = 2147483647;
			files = (
			);
			inputPaths = (
			);
			name = "[CP] Embed Pods Frameworks";
			outputPaths = (
			);
			runOnlyForDeploymentPostprocessing = 0;
			shellPath = /bin/sh;
			shellScript = "\"${SRCROOT}/Pods/Target Support Files/Pods-Beautiful/Pods-Beautiful-frameworks.sh\"\n";
			showEnvVarsInLog = 0;
		};
		7EB285511BC802E5E5574236 /* [CP] Copy Pods Resources */ = {
			isa = PBXShellScriptBuildPhase;
			buildActionMask = 2147483647;
			files = (
			);
			inputPaths = (
			);
			name = "[CP] Copy Pods Resources";
			outputPaths = (
			);
			runOnlyForDeploymentPostprocessing = 0;
			shellPath = /bin/sh;
			shellScript = "\"${SRCROOT}/Pods/Target Support Files/Pods-Beautiful/Pods-Beautiful-resources.sh\"\n";
			showEnvVarsInLog = 0;
		};
		A64087124D903EE048B9CA09 /* [CP] Check Pods Manifest.lock */ = {
			isa = PBXShellScriptBuildPhase;
			buildActionMask = 2147483647;
			files = (
			);
			inputPaths = (
			);
			name = "[CP] Check Pods Manifest.lock";
			outputPaths = (
			);
			runOnlyForDeploymentPostprocessing = 0;
			shellPath = /bin/sh;
			shellScript = "diff \"${PODS_ROOT}/../Podfile.lock\" \"${PODS_ROOT}/Manifest.lock\" > /dev/null\nif [[ $? != 0 ]] ; then\n    cat << EOM\nerror: The sandbox is not in sync with the Podfile.lock. Run 'pod install' or update your CocoaPods installation.\nEOM\n    exit 1\nfi\n";
			showEnvVarsInLog = 0;
		};
		A96D155B3763E43CE6FDD6B2 /* [CP] Check Pods Manifest.lock */ = {
			isa = PBXShellScriptBuildPhase;
			buildActionMask = 2147483647;
			files = (
			);
			inputPaths = (
			);
			name = "[CP] Check Pods Manifest.lock";
			outputPaths = (
			);
			runOnlyForDeploymentPostprocessing = 0;
			shellPath = /bin/sh;
			shellScript = "diff \"${PODS_ROOT}/../Podfile.lock\" \"${PODS_ROOT}/Manifest.lock\" > /dev/null\nif [[ $? != 0 ]] ; then\n    cat << EOM\nerror: The sandbox is not in sync with the Podfile.lock. Run 'pod install' or update your CocoaPods installation.\nEOM\n    exit 1\nfi\n";
			showEnvVarsInLog = 0;
		};
		B37E6C04CBDDF6802B1E8BBE /* [CP] Check Pods Manifest.lock */ = {
			isa = PBXShellScriptBuildPhase;
			buildActionMask = 2147483647;
			files = (
			);
			inputPaths = (
			);
			name = "[CP] Check Pods Manifest.lock";
			outputPaths = (
			);
			runOnlyForDeploymentPostprocessing = 0;
			shellPath = /bin/sh;
			shellScript = "diff \"${PODS_ROOT}/../Podfile.lock\" \"${PODS_ROOT}/Manifest.lock\" > /dev/null\nif [[ $? != 0 ]] ; then\n    cat << EOM\nerror: The sandbox is not in sync with the Podfile.lock. Run 'pod install' or update your CocoaPods installation.\nEOM\n    exit 1\nfi\n";
			showEnvVarsInLog = 0;
		};
		E2D710D5BEEABA5741F13D50 /* [CP] Copy Pods Resources */ = {
			isa = PBXShellScriptBuildPhase;
			buildActionMask = 2147483647;
			files = (
			);
			inputPaths = (
			);
			name = "[CP] Copy Pods Resources";
			outputPaths = (
			);
			runOnlyForDeploymentPostprocessing = 0;
			shellPath = /bin/sh;
			shellScript = "\"${SRCROOT}/Pods/Target Support Files/Pods-BeautifulUITests/Pods-BeautifulUITests-resources.sh\"\n";
			showEnvVarsInLog = 0;
		};
/* End PBXShellScriptBuildPhase section */

/* Begin PBXSourcesBuildPhase section */
		183C7D4B1DB761A400338CBB /* Sources */ = {
			isa = PBXSourcesBuildPhase;
			buildActionMask = 2147483647;
			files = (
				1876817A1DC48596002B0E01 /* UIImage+PECrop.m in Sources */,
				1804B6FF1DC1F9F00071C466 /* JFImageCollectionViewController.m in Sources */,
				183C7E881DBA181300338CBB /* MJ_CurrentPictureViewController.m in Sources */,
				187681761DC48596002B0E01 /* PECropView.m in Sources */,
				18892C031DBDE9BA00524227 /* MJ_CameraPictureCollectionViewCell.m in Sources */,
				183C7D571DB761A400338CBB /* AppDelegate.m in Sources */,
				183C7D541DB761A400338CBB /* main.m in Sources */,
				183C7E961DBA500300338CBB /* MJ_BeautifyPicturesViewController.m in Sources */,
				1804B7021DC1F9F00071C466 /* JFImagePickerController.m in Sources */,
				1804B7041DC1F9F00071C466 /* JFPhotoBrowserViewController.m in Sources */,
				187681751DC48596002B0E01 /* PECropRectView.m in Sources */,
				18892C061DBE465000524227 /* MJ_ShareCollectionViewCell.m in Sources */,
				1804B7001DC1F9F00071C466 /* JFImageGroupTableViewController.m in Sources */,
				49A6EF201DB9003700E5F28C /* MJ_PuzzlePicturesViewController.m in Sources */,
				183C7E901DBA37AF00338CBB /* MJ_BaseView.m in Sources */,
				1804B6FE1DC1F9F00071C466 /* JFAssetHelper.m in Sources */,
				187681791DC48596002B0E01 /* PEResizeControl.m in Sources */,
				49A6EF0C1DB9000200E5F28C /* MJ_ShareViewController.m in Sources */,
				49A6EF1B1DB9003200E5F28C /* MJ_CutoutPicturesViewController.m in Sources */,
				1804B7031DC1F9F00071C466 /* JFImagePickerViewCell.m in Sources */,
				1804B7011DC1F9F00071C466 /* JFImageManager.m in Sources */,
				187681841DC49A49002B0E01 /* PECropViewController.m in Sources */,
				49A6EF0A1DB9000200E5F28C /* MJ_RootViewController.m in Sources */,
				183C7E931DBA37C900338CBB /* MJ_BaseModel.m in Sources */,
				49A6EEFC1DB8FFF500E5F28C /* MJ_BaseViewController.m in Sources */,
				49A6EEFE1DB8FFF500E5F28C /* MJ_Button.m in Sources */,
				494E53891DC347890067E2EC /* UIView+MJ_AddView.m in Sources */,
				1804B7051DC1F9F00071C466 /* JFPhotoView.m in Sources */,
				183C7E8D1DBA376A00338CBB /* MJ_CurrentPicturesCollectionViewCell.m in Sources */,
				49A6EF111DB9001D00E5F28C /* MJ_CameraPicturesViewController.m in Sources */,
			);
			runOnlyForDeploymentPostprocessing = 0;
		};
		183C7D641DB761A400338CBB /* Sources */ = {
			isa = PBXSourcesBuildPhase;
			buildActionMask = 2147483647;
			files = (
				183C7D6D1DB761A400338CBB /* BeautifulTests.m in Sources */,
			);
			runOnlyForDeploymentPostprocessing = 0;
		};
		183C7D6F1DB761A400338CBB /* Sources */ = {
			isa = PBXSourcesBuildPhase;
			buildActionMask = 2147483647;
			files = (
				183C7D781DB761A400338CBB /* BeautifulUITests.m in Sources */,
			);
			runOnlyForDeploymentPostprocessing = 0;
		};
/* End PBXSourcesBuildPhase section */

/* Begin PBXTargetDependency section */
		183C7D6A1DB761A400338CBB /* PBXTargetDependency */ = {
			isa = PBXTargetDependency;
			target = 183C7D4E1DB761A400338CBB /* Beautiful */;
			targetProxy = 183C7D691DB761A400338CBB /* PBXContainerItemProxy */;
		};
		183C7D751DB761A400338CBB /* PBXTargetDependency */ = {
			isa = PBXTargetDependency;
			target = 183C7D4E1DB761A400338CBB /* Beautiful */;
			targetProxy = 183C7D741DB761A400338CBB /* PBXContainerItemProxy */;
		};
/* End PBXTargetDependency section */

/* Begin PBXVariantGroup section */
		183C7D5B1DB761A400338CBB /* Main.storyboard */ = {
			isa = PBXVariantGroup;
			children = (
				183C7D5C1DB761A400338CBB /* Base */,
			);
			name = Main.storyboard;
			path = .;
			sourceTree = "<group>";
		};
		183C7D601DB761A400338CBB /* LaunchScreen.storyboard */ = {
			isa = PBXVariantGroup;
			children = (
				183C7D611DB761A400338CBB /* Base */,
			);
			name = LaunchScreen.storyboard;
			path = .;
			sourceTree = "<group>";
		};
/* End PBXVariantGroup section */

/* Begin XCBuildConfiguration section */
		183C7D7A1DB761A400338CBB /* Debug */ = {
			isa = XCBuildConfiguration;
			buildSettings = {
				ALWAYS_SEARCH_USER_PATHS = NO;
				CLANG_CXX_LANGUAGE_STANDARD = "gnu++0x";
				CLANG_CXX_LIBRARY = "libc++";
				CLANG_ENABLE_MODULES = YES;
				CLANG_ENABLE_OBJC_ARC = YES;
				CLANG_WARN_BOOL_CONVERSION = YES;
				CLANG_WARN_CONSTANT_CONVERSION = YES;
				CLANG_WARN_DIRECT_OBJC_ISA_USAGE = YES_ERROR;
				CLANG_WARN_EMPTY_BODY = YES;
				CLANG_WARN_ENUM_CONVERSION = YES;
				CLANG_WARN_INT_CONVERSION = YES;
				CLANG_WARN_OBJC_ROOT_CLASS = YES_ERROR;
				CLANG_WARN_UNREACHABLE_CODE = YES;
				CLANG_WARN__DUPLICATE_METHOD_MATCH = YES;
				"CODE_SIGN_IDENTITY[sdk=iphoneos*]" = "iPhone Developer";
				COPY_PHASE_STRIP = NO;
				DEBUG_INFORMATION_FORMAT = dwarf;
				ENABLE_STRICT_OBJC_MSGSEND = YES;
				ENABLE_TESTABILITY = YES;
				GCC_C_LANGUAGE_STANDARD = gnu99;
				GCC_DYNAMIC_NO_PIC = NO;
				GCC_NO_COMMON_BLOCKS = YES;
				GCC_OPTIMIZATION_LEVEL = 0;
				GCC_PREPROCESSOR_DEFINITIONS = (
					"DEBUG=1",
					"$(inherited)",
				);
				GCC_WARN_64_TO_32_BIT_CONVERSION = YES;
				GCC_WARN_ABOUT_RETURN_TYPE = YES_ERROR;
				GCC_WARN_UNDECLARED_SELECTOR = YES;
				GCC_WARN_UNINITIALIZED_AUTOS = YES_AGGRESSIVE;
				GCC_WARN_UNUSED_FUNCTION = YES;
				GCC_WARN_UNUSED_VARIABLE = YES;
				IPHONEOS_DEPLOYMENT_TARGET = 9.2;
				MTL_ENABLE_DEBUG_INFO = YES;
				ONLY_ACTIVE_ARCH = YES;
				SDKROOT = iphoneos;
				TARGETED_DEVICE_FAMILY = "1,2";
			};
			name = Debug;
		};
		183C7D7B1DB761A400338CBB /* Release */ = {
			isa = XCBuildConfiguration;
			buildSettings = {
				ALWAYS_SEARCH_USER_PATHS = NO;
				CLANG_CXX_LANGUAGE_STANDARD = "gnu++0x";
				CLANG_CXX_LIBRARY = "libc++";
				CLANG_ENABLE_MODULES = YES;
				CLANG_ENABLE_OBJC_ARC = YES;
				CLANG_WARN_BOOL_CONVERSION = YES;
				CLANG_WARN_CONSTANT_CONVERSION = YES;
				CLANG_WARN_DIRECT_OBJC_ISA_USAGE = YES_ERROR;
				CLANG_WARN_EMPTY_BODY = YES;
				CLANG_WARN_ENUM_CONVERSION = YES;
				CLANG_WARN_INT_CONVERSION = YES;
				CLANG_WARN_OBJC_ROOT_CLASS = YES_ERROR;
				CLANG_WARN_UNREACHABLE_CODE = YES;
				CLANG_WARN__DUPLICATE_METHOD_MATCH = YES;
				"CODE_SIGN_IDENTITY[sdk=iphoneos*]" = "iPhone Developer";
				COPY_PHASE_STRIP = NO;
				DEBUG_INFORMATION_FORMAT = "dwarf-with-dsym";
				ENABLE_NS_ASSERTIONS = NO;
				ENABLE_STRICT_OBJC_MSGSEND = YES;
				GCC_C_LANGUAGE_STANDARD = gnu99;
				GCC_NO_COMMON_BLOCKS = YES;
				GCC_WARN_64_TO_32_BIT_CONVERSION = YES;
				GCC_WARN_ABOUT_RETURN_TYPE = YES_ERROR;
				GCC_WARN_UNDECLARED_SELECTOR = YES;
				GCC_WARN_UNINITIALIZED_AUTOS = YES_AGGRESSIVE;
				GCC_WARN_UNUSED_FUNCTION = YES;
				GCC_WARN_UNUSED_VARIABLE = YES;
				IPHONEOS_DEPLOYMENT_TARGET = 9.2;
				MTL_ENABLE_DEBUG_INFO = NO;
				SDKROOT = iphoneos;
				TARGETED_DEVICE_FAMILY = "1,2";
				VALIDATE_PRODUCT = YES;
			};
			name = Release;
		};
		183C7D7D1DB761A400338CBB /* Debug */ = {
			isa = XCBuildConfiguration;
			baseConfigurationReference = DB7EE009A9FB4ABE0A1048A7 /* Pods-Beautiful.debug.xcconfig */;
			buildSettings = {
				ASSETCATALOG_COMPILER_APPICON_NAME = AppIcon;
				CODE_SIGN_IDENTITY = "iPhone Developer";
				"CODE_SIGN_IDENTITY[sdk=iphoneos*]" = "iPhone Developer";
				DEVELOPMENT_TEAM = "";
				GCC_PREFIX_HEADER = "$(SRCEOOT)Beautiful/MJ_PrefixHeader.pch";
				INFOPLIST_FILE = Beautiful/Info.plist;
				IPHONEOS_DEPLOYMENT_TARGET = 8.0;
				LD_RUNPATH_SEARCH_PATHS = "$(inherited) @executable_path/Frameworks";
				LIBRARY_SEARCH_PATHS = (
					"$(inherited)",
					"$(PROJECT_DIR)/Beautiful",
				);
				PRODUCT_BUNDLE_IDENTIFIER = com.MJ.Beautiful;
				PRODUCT_NAME = "$(TARGET_NAME)";
			};
			name = Debug;
		};
		183C7D7E1DB761A400338CBB /* Release */ = {
			isa = XCBuildConfiguration;
			baseConfigurationReference = 0ED659F9C88C3BB92B1F1ED5 /* Pods-Beautiful.release.xcconfig */;
			buildSettings = {
				ASSETCATALOG_COMPILER_APPICON_NAME = AppIcon;
				CODE_SIGN_IDENTITY = "iPhone Developer";
				"CODE_SIGN_IDENTITY[sdk=iphoneos*]" = "iPhone Developer";
				DEVELOPMENT_TEAM = "";
				GCC_PREFIX_HEADER = "$(SRCEOOT)Beautiful/MJ_PrefixHeader.pch";
				INFOPLIST_FILE = Beautiful/Info.plist;
				IPHONEOS_DEPLOYMENT_TARGET = 8.0;
				LD_RUNPATH_SEARCH_PATHS = "$(inherited) @executable_path/Frameworks";
				LIBRARY_SEARCH_PATHS = (
					"$(inherited)",
					"$(PROJECT_DIR)/Beautiful",
				);
				PRODUCT_BUNDLE_IDENTIFIER = com.MJ.Beautiful;
				PRODUCT_NAME = "$(TARGET_NAME)";
			};
			name = Release;
		};
		183C7D801DB761A400338CBB /* Debug */ = {
			isa = XCBuildConfiguration;
			baseConfigurationReference = 70BCB35D69C5449BEE1B5090 /* Pods-BeautifulTests.debug.xcconfig */;
			buildSettings = {
				BUNDLE_LOADER = "$(TEST_HOST)";
				INFOPLIST_FILE = BeautifulTests/Info.plist;
				LD_RUNPATH_SEARCH_PATHS = "$(inherited) @executable_path/Frameworks @loader_path/Frameworks";
				PRODUCT_BUNDLE_IDENTIFIER = com.MJ.BeautifulTests;
				PRODUCT_NAME = "$(TARGET_NAME)";
				TEST_HOST = "$(BUILT_PRODUCTS_DIR)/Beautiful.app/Beautiful";
			};
			name = Debug;
		};
		183C7D811DB761A400338CBB /* Release */ = {
			isa = XCBuildConfiguration;
			baseConfigurationReference = 272D7B2CEE505AA46A98F809 /* Pods-BeautifulTests.release.xcconfig */;
			buildSettings = {
				BUNDLE_LOADER = "$(TEST_HOST)";
				INFOPLIST_FILE = BeautifulTests/Info.plist;
				LD_RUNPATH_SEARCH_PATHS = "$(inherited) @executable_path/Frameworks @loader_path/Frameworks";
				PRODUCT_BUNDLE_IDENTIFIER = com.MJ.BeautifulTests;
				PRODUCT_NAME = "$(TARGET_NAME)";
				TEST_HOST = "$(BUILT_PRODUCTS_DIR)/Beautiful.app/Beautiful";
			};
			name = Release;
		};
		183C7D831DB761A400338CBB /* Debug */ = {
			isa = XCBuildConfiguration;
			baseConfigurationReference = 7364EA483645F6335ABBB4A4 /* Pods-BeautifulUITests.debug.xcconfig */;
			buildSettings = {
				INFOPLIST_FILE = BeautifulUITests/Info.plist;
				LD_RUNPATH_SEARCH_PATHS = "$(inherited) @executable_path/Frameworks @loader_path/Frameworks";
				PRODUCT_BUNDLE_IDENTIFIER = com.MJ.BeautifulUITests;
				PRODUCT_NAME = "$(TARGET_NAME)";
				TEST_TARGET_NAME = Beautiful;
				USES_XCTRUNNER = YES;
			};
			name = Debug;
		};
		183C7D841DB761A400338CBB /* Release */ = {
			isa = XCBuildConfiguration;
			baseConfigurationReference = A27AA814A638F87A8AEF6EBA /* Pods-BeautifulUITests.release.xcconfig */;
			buildSettings = {
				INFOPLIST_FILE = BeautifulUITests/Info.plist;
				LD_RUNPATH_SEARCH_PATHS = "$(inherited) @executable_path/Frameworks @loader_path/Frameworks";
				PRODUCT_BUNDLE_IDENTIFIER = com.MJ.BeautifulUITests;
				PRODUCT_NAME = "$(TARGET_NAME)";
				TEST_TARGET_NAME = Beautiful;
				USES_XCTRUNNER = YES;
			};
			name = Release;
		};
/* End XCBuildConfiguration section */

/* Begin XCConfigurationList section */
		183C7D4A1DB761A400338CBB /* Build configuration list for PBXProject "Beautiful" */ = {
			isa = XCConfigurationList;
			buildConfigurations = (
				183C7D7A1DB761A400338CBB /* Debug */,
				183C7D7B1DB761A400338CBB /* Release */,
			);
			defaultConfigurationIsVisible = 0;
			defaultConfigurationName = Release;
		};
		183C7D7C1DB761A400338CBB /* Build configuration list for PBXNativeTarget "Beautiful" */ = {
			isa = XCConfigurationList;
			buildConfigurations = (
				183C7D7D1DB761A400338CBB /* Debug */,
				183C7D7E1DB761A400338CBB /* Release */,
			);
			defaultConfigurationIsVisible = 0;
			defaultConfigurationName = Release;
		};
		183C7D7F1DB761A400338CBB /* Build configuration list for PBXNativeTarget "BeautifulTests" */ = {
			isa = XCConfigurationList;
			buildConfigurations = (
				183C7D801DB761A400338CBB /* Debug */,
				183C7D811DB761A400338CBB /* Release */,
			);
			defaultConfigurationIsVisible = 0;
			defaultConfigurationName = Release;
		};
		183C7D821DB761A400338CBB /* Build configuration list for PBXNativeTarget "BeautifulUITests" */ = {
			isa = XCConfigurationList;
			buildConfigurations = (
				183C7D831DB761A400338CBB /* Debug */,
				183C7D841DB761A400338CBB /* Release */,
			);
			defaultConfigurationIsVisible = 0;
			defaultConfigurationName = Release;
		};
/* End XCConfigurationList section */
	};
	rootObject = 183C7D471DB761A400338CBB /* Project object */;
}
