<?xml version="1.0" encoding="UTF-8"?>
<!DOCTYPE plist PUBLIC "-//Apple//DTD PLIST 1.0//EN" "http://www.apple.com/DTDs/PropertyList-1.0.dtd">
<plist version="1.0">
<dict>
	<key>archiveVersion</key>
	<string>1</string>
	<key>classes</key>
	<dict/>
	<key>objectVersion</key>
	<string>46</string>
	<key>objects</key>
	<dict>
		<key>0ED659F9C88C3BB92B1F1ED5</key>
		<dict>
			<key>includeInIndex</key>
			<string>1</string>
			<key>isa</key>
			<string>PBXFileReference</string>
			<key>lastKnownFileType</key>
			<string>text.xcconfig</string>
			<key>name</key>
			<string>Pods-Beautiful.release.xcconfig</string>
			<key>path</key>
			<string>Pods/Target Support Files/Pods-Beautiful/Pods-Beautiful.release.xcconfig</string>
			<key>sourceTree</key>
			<string>&lt;group&gt;</string>
		</dict>
		<key>0FB9056346DD125E2C347FC0</key>
		<dict>
			<key>explicitFileType</key>
			<string>archive.ar</string>
			<key>includeInIndex</key>
			<string>0</string>
			<key>isa</key>
			<string>PBXFileReference</string>
			<key>path</key>
			<string>libPods-BeautifulUITests.a</string>
			<key>sourceTree</key>
			<string>BUILT_PRODUCTS_DIR</string>
		</dict>
		<key>182A027F1DC0E77900D10B0C</key>
		<dict>
			<key>fileEncoding</key>
			<string>4</string>
			<key>isa</key>
			<string>PBXFileReference</string>
			<key>lastKnownFileType</key>
			<string>sourcecode.c.h</string>
			<key>path</key>
			<string>MJ_ChoicesAlbumViewController.h</string>
			<key>sourceTree</key>
			<string>&lt;group&gt;</string>
		</dict>
		<key>182A02801DC0E77900D10B0C</key>
		<dict>
			<key>fileEncoding</key>
			<string>4</string>
			<key>isa</key>
			<string>PBXFileReference</string>
			<key>lastKnownFileType</key>
			<string>sourcecode.c.objc</string>
			<key>path</key>
			<string>MJ_ChoicesAlbumViewController.m</string>
			<key>sourceTree</key>
			<string>&lt;group&gt;</string>
		</dict>
		<key>182A02811DC0E77900D10B0C</key>
		<dict>
			<key>fileRef</key>
			<string>182A02801DC0E77900D10B0C</string>
			<key>isa</key>
			<string>PBXBuildFile</string>
		</dict>
		<key>183C7D461DB761A400338CBB</key>
		<dict>
			<key>children</key>
			<array>
				<string>183C7D511DB761A400338CBB</string>
				<string>183C7D6B1DB761A400338CBB</string>
				<string>183C7D761DB761A400338CBB</string>
				<string>D3DFB889EC4AA92873A75B32</string>
				<string>A25DC9B98E1F406846F7D1A3</string>
				<string>183C7D501DB761A400338CBB</string>
				<string>183C7D521DB761A400338CBB</string>
			</array>
			<key>isa</key>
			<string>PBXGroup</string>
			<key>sourceTree</key>
			<string>&lt;group&gt;</string>
		</dict>
		<key>183C7D471DB761A400338CBB</key>
		<dict>
			<key>attributes</key>
			<dict>
				<key>CLASSPREFIX</key>
				<string>MJ</string>
				<key>LastUpgradeCheck</key>
				<string>0720</string>
				<key>ORGANIZATIONNAME</key>
				<string>&#26368;&#32654;&#30340;&#20320;</string>
				<key>TargetAttributes</key>
				<dict>
					<key>183C7D4E1DB761A400338CBB</key>
					<dict>
						<key>CreatedOnToolsVersion</key>
						<string>7.2</string>
						<key>ProvisioningStyle</key>
						<string>Manual</string>
					</dict>
					<key>183C7D671DB761A400338CBB</key>
					<dict>
						<key>CreatedOnToolsVersion</key>
						<string>7.2</string>
						<key>TestTargetID</key>
						<string>183C7D4E1DB761A400338CBB</string>
					</dict>
					<key>183C7D721DB761A400338CBB</key>
					<dict>
						<key>CreatedOnToolsVersion</key>
						<string>7.2</string>
						<key>TestTargetID</key>
						<string>183C7D4E1DB761A400338CBB</string>
					</dict>
				</dict>
			</dict>
			<key>buildConfigurationList</key>
			<string>183C7D4A1DB761A400338CBB</string>
			<key>compatibilityVersion</key>
			<string>Xcode 3.2</string>
			<key>developmentRegion</key>
			<string>English</string>
			<key>hasScannedForEncodings</key>
			<string>0</string>
			<key>isa</key>
			<string>PBXProject</string>
			<key>knownRegions</key>
			<array>
				<string>en</string>
				<string>Base</string>
			</array>
			<key>mainGroup</key>
			<string>183C7D461DB761A400338CBB</string>
			<key>productRefGroup</key>
			<string>183C7D501DB761A400338CBB</string>
			<key>projectDirPath</key>
			<string></string>
			<key>projectReferences</key>
			<array/>
			<key>projectRoot</key>
			<string></string>
			<key>targets</key>
			<array>
				<string>183C7D4E1DB761A400338CBB</string>
				<string>183C7D671DB761A400338CBB</string>
				<string>183C7D721DB761A400338CBB</string>
			</array>
		</dict>
		<key>183C7D4A1DB761A400338CBB</key>
		<dict>
			<key>buildConfigurations</key>
			<array>
				<string>183C7D7A1DB761A400338CBB</string>
				<string>183C7D7B1DB761A400338CBB</string>
			</array>
			<key>defaultConfigurationIsVisible</key>
			<string>0</string>
			<key>defaultConfigurationName</key>
			<string>Release</string>
			<key>isa</key>
			<string>XCConfigurationList</string>
		</dict>
		<key>183C7D4B1DB761A400338CBB</key>
		<dict>
			<key>buildActionMask</key>
			<string>2147483647</string>
			<key>files</key>
			<array>
				<string>183C7E881DBA181300338CBB</string>
				<string>18892C031DBDE9BA00524227</string>
				<string>18892CF21DC056A400524227</string>
				<string>18892CE61DC04F3E00524227</string>
				<string>183C7D571DB761A400338CBB</string>
				<string>183C7D541DB761A400338CBB</string>
				<string>18EF113E1DC09BD7001A32FD</string>
				<string>183C7E961DBA500300338CBB</string>
				<string>18892C061DBE465000524227</string>
				<string>49A6EF201DB9003700E5F28C</string>
				<string>183C7E901DBA37AF00338CBB</string>
				<string>49A6EF0C1DB9000200E5F28C</string>
				<string>18892CED1DC04F4900524227</string>
				<string>49A6EF0B1DB9000200E5F28C</string>
				<string>49A6EF1B1DB9003200E5F28C</string>
				<string>18892CE51DC04F3E00524227</string>
				<string>49A6EF0A1DB9000200E5F28C</string>
				<string>183C7E931DBA37C900338CBB</string>
				<string>18892CE71DC04F3E00524227</string>
				<string>49A6EEFC1DB8FFF500E5F28C</string>
				<string>49A6EEFE1DB8FFF500E5F28C</string>
				<string>183C7E8D1DBA376A00338CBB</string>
				<string>182A02811DC0E77900D10B0C</string>
				<string>18892CE31DC04F3E00524227</string>
				<string>18892CE21DC04F3E00524227</string>
				<string>49A6EF111DB9001D00E5F28C</string>
			</array>
			<key>isa</key>
			<string>PBXSourcesBuildPhase</string>
			<key>runOnlyForDeploymentPostprocessing</key>
			<string>0</string>
		</dict>
		<key>183C7D4C1DB761A400338CBB</key>
		<dict>
			<key>buildActionMask</key>
			<string>2147483647</string>
			<key>files</key>
			<array>
				<string>8547E65083527420A2A7F330</string>
			</array>
			<key>isa</key>
			<string>PBXFrameworksBuildPhase</string>
			<key>runOnlyForDeploymentPostprocessing</key>
			<string>0</string>
		</dict>
		<key>183C7D4D1DB761A400338CBB</key>
		<dict>
			<key>buildActionMask</key>
			<string>2147483647</string>
			<key>files</key>
			<array>
				<string>18892CE81DC04F3E00524227</string>
				<string>183C7D621DB761A400338CBB</string>
				<string>183C7D5F1DB761A400338CBB</string>
				<string>18892CE41DC04F3E00524227</string>
				<string>183C7D5D1DB761A400338CBB</string>
			</array>
			<key>isa</key>
			<string>PBXResourcesBuildPhase</string>
			<key>runOnlyForDeploymentPostprocessing</key>
			<string>0</string>
		</dict>
		<key>183C7D4E1DB761A400338CBB</key>
		<dict>
			<key>buildConfigurationList</key>
			<string>183C7D7C1DB761A400338CBB</string>
			<key>buildPhases</key>
			<array>
				<string>B37E6C04CBDDF6802B1E8BBE</string>
				<string>183C7D4B1DB761A400338CBB</string>
				<string>183C7D4C1DB761A400338CBB</string>
				<string>183C7D4D1DB761A400338CBB</string>
				<string>62EFA6DA347CAF0AC4434E7B</string>
				<string>7EB285511BC802E5E5574236</string>
			</array>
			<key>buildRules</key>
			<array/>
			<key>dependencies</key>
			<array/>
			<key>isa</key>
			<string>PBXNativeTarget</string>
			<key>name</key>
			<string>Beautiful</string>
			<key>productName</key>
			<string>Beautiful</string>
			<key>productReference</key>
			<string>183C7D4F1DB761A400338CBB</string>
			<key>productType</key>
			<string>com.apple.product-type.application</string>
		</dict>
		<key>183C7D4F1DB761A400338CBB</key>
		<dict>
			<key>explicitFileType</key>
			<string>wrapper.application</string>
			<key>includeInIndex</key>
			<string>0</string>
			<key>isa</key>
			<string>PBXFileReference</string>
			<key>path</key>
			<string>Beautiful.app</string>
			<key>sourceTree</key>
			<string>BUILT_PRODUCTS_DIR</string>
		</dict>
		<key>183C7D501DB761A400338CBB</key>
		<dict>
			<key>children</key>
			<array>
				<string>183C7D4F1DB761A400338CBB</string>
				<string>183C7D681DB761A400338CBB</string>
				<string>183C7D731DB761A400338CBB</string>
			</array>
			<key>isa</key>
			<string>PBXGroup</string>
			<key>name</key>
			<string>Products</string>
			<key>sourceTree</key>
			<string>&lt;group&gt;</string>
		</dict>
		<key>183C7D511DB761A400338CBB</key>
		<dict>
			<key>children</key>
			<array>
				<string>49A6EEF01DB8FFF500E5F28C</string>
				<string>49A6EF001DB9000200E5F28C</string>
				<string>49A6EF0D1DB9001D00E5F28C</string>
				<string>49A6EF121DB9002C00E5F28C</string>
				<string>49A6EF1C1DB9003700E5F28C</string>
				<string>49A6EF171DB9003200E5F28C</string>
				<string>183C7D551DB761A400338CBB</string>
				<string>183C7D561DB761A400338CBB</string>
				<string>183C7D5E1DB761A400338CBB</string>
				<string>183C7D631DB761A400338CBB</string>
				<string>183C7D601DB761A400338CBB</string>
				<string>183C7D8B1DB7695300338CBB</string>
				<string>183C7D5B1DB761A400338CBB</string>
			</array>
			<key>isa</key>
			<string>PBXGroup</string>
			<key>path</key>
			<string>Beautiful</string>
			<key>sourceTree</key>
			<string>&lt;group&gt;</string>
		</dict>
		<key>183C7D521DB761A400338CBB</key>
		<dict>
			<key>children</key>
			<array>
				<string>183C7D531DB761A400338CBB</string>
			</array>
			<key>isa</key>
			<string>PBXGroup</string>
			<key>path</key>
			<string>Supporting Files</string>
			<key>sourceTree</key>
			<string>&lt;group&gt;</string>
		</dict>
		<key>183C7D531DB761A400338CBB</key>
		<dict>
			<key>isa</key>
			<string>PBXFileReference</string>
			<key>lastKnownFileType</key>
			<string>sourcecode.c.objc</string>
			<key>path</key>
			<string>main.m</string>
			<key>sourceTree</key>
			<string>&lt;group&gt;</string>
		</dict>
		<key>183C7D541DB761A400338CBB</key>
		<dict>
			<key>fileRef</key>
			<string>183C7D531DB761A400338CBB</string>
			<key>isa</key>
			<string>PBXBuildFile</string>
		</dict>
		<key>183C7D551DB761A400338CBB</key>
		<dict>
			<key>isa</key>
			<string>PBXFileReference</string>
			<key>lastKnownFileType</key>
			<string>sourcecode.c.h</string>
			<key>path</key>
			<string>AppDelegate.h</string>
			<key>sourceTree</key>
			<string>&lt;group&gt;</string>
		</dict>
		<key>183C7D561DB761A400338CBB</key>
		<dict>
			<key>isa</key>
			<string>PBXFileReference</string>
			<key>lastKnownFileType</key>
			<string>sourcecode.c.objc</string>
			<key>path</key>
			<string>AppDelegate.m</string>
			<key>sourceTree</key>
			<string>&lt;group&gt;</string>
		</dict>
		<key>183C7D571DB761A400338CBB</key>
		<dict>
			<key>fileRef</key>
			<string>183C7D561DB761A400338CBB</string>
			<key>isa</key>
			<string>PBXBuildFile</string>
		</dict>
		<key>183C7D5B1DB761A400338CBB</key>
		<dict>
			<key>children</key>
			<array>
				<string>183C7D5C1DB761A400338CBB</string>
			</array>
			<key>isa</key>
			<string>PBXVariantGroup</string>
			<key>name</key>
			<string>Main.storyboard</string>
			<key>path</key>
			<string>.</string>
			<key>sourceTree</key>
			<string>&lt;group&gt;</string>
		</dict>
		<key>183C7D5C1DB761A400338CBB</key>
		<dict>
			<key>isa</key>
			<string>PBXFileReference</string>
			<key>lastKnownFileType</key>
			<string>file.storyboard</string>
			<key>name</key>
			<string>Base</string>
			<key>path</key>
			<string>Base.lproj/Main.storyboard</string>
			<key>sourceTree</key>
			<string>&lt;group&gt;</string>
		</dict>
		<key>183C7D5D1DB761A400338CBB</key>
		<dict>
			<key>fileRef</key>
			<string>183C7D5B1DB761A400338CBB</string>
			<key>isa</key>
			<string>PBXBuildFile</string>
		</dict>
		<key>183C7D5E1DB761A400338CBB</key>
		<dict>
			<key>isa</key>
			<string>PBXFileReference</string>
			<key>lastKnownFileType</key>
			<string>folder.assetcatalog</string>
			<key>path</key>
			<string>Assets.xcassets</string>
			<key>sourceTree</key>
			<string>&lt;group&gt;</string>
		</dict>
		<key>183C7D5F1DB761A400338CBB</key>
		<dict>
			<key>fileRef</key>
			<string>183C7D5E1DB761A400338CBB</string>
			<key>isa</key>
			<string>PBXBuildFile</string>
		</dict>
		<key>183C7D601DB761A400338CBB</key>
		<dict>
			<key>children</key>
			<array>
				<string>183C7D611DB761A400338CBB</string>
			</array>
			<key>isa</key>
			<string>PBXVariantGroup</string>
			<key>name</key>
			<string>LaunchScreen.storyboard</string>
			<key>path</key>
			<string>.</string>
			<key>sourceTree</key>
			<string>&lt;group&gt;</string>
		</dict>
		<key>183C7D611DB761A400338CBB</key>
		<dict>
			<key>isa</key>
			<string>PBXFileReference</string>
			<key>lastKnownFileType</key>
			<string>file.storyboard</string>
			<key>name</key>
			<string>Base</string>
			<key>path</key>
			<string>Base.lproj/LaunchScreen.storyboard</string>
			<key>sourceTree</key>
			<string>&lt;group&gt;</string>
		</dict>
		<key>183C7D621DB761A400338CBB</key>
		<dict>
			<key>fileRef</key>
			<string>183C7D601DB761A400338CBB</string>
			<key>isa</key>
			<string>PBXBuildFile</string>
		</dict>
		<key>183C7D631DB761A400338CBB</key>
		<dict>
			<key>isa</key>
			<string>PBXFileReference</string>
			<key>lastKnownFileType</key>
			<string>text.plist.xml</string>
			<key>path</key>
			<string>Info.plist</string>
			<key>sourceTree</key>
			<string>&lt;group&gt;</string>
		</dict>
		<key>183C7D641DB761A400338CBB</key>
		<dict>
			<key>buildActionMask</key>
			<string>2147483647</string>
			<key>files</key>
			<array>
				<string>183C7D6D1DB761A400338CBB</string>
			</array>
			<key>isa</key>
			<string>PBXSourcesBuildPhase</string>
			<key>runOnlyForDeploymentPostprocessing</key>
			<string>0</string>
		</dict>
		<key>183C7D651DB761A400338CBB</key>
		<dict>
			<key>buildActionMask</key>
			<string>2147483647</string>
			<key>files</key>
			<array>
				<string>F19147D2CA30EFBF9DA5AD76</string>
			</array>
			<key>isa</key>
			<string>PBXFrameworksBuildPhase</string>
			<key>runOnlyForDeploymentPostprocessing</key>
			<string>0</string>
		</dict>
		<key>183C7D661DB761A400338CBB</key>
		<dict>
			<key>buildActionMask</key>
			<string>2147483647</string>
			<key>files</key>
			<array/>
			<key>isa</key>
			<string>PBXResourcesBuildPhase</string>
			<key>runOnlyForDeploymentPostprocessing</key>
			<string>0</string>
		</dict>
		<key>183C7D671DB761A400338CBB</key>
		<dict>
			<key>buildConfigurationList</key>
			<string>183C7D7F1DB761A400338CBB</string>
			<key>buildPhases</key>
			<array>
				<string>A96D155B3763E43CE6FDD6B2</string>
				<string>183C7D641DB761A400338CBB</string>
				<string>183C7D651DB761A400338CBB</string>
				<string>183C7D661DB761A400338CBB</string>
				<string>413EF7E30AF2BB76C553B93F</string>
				<string>26B26DCA0DED05B02A5F74F7</string>
			</array>
			<key>buildRules</key>
			<array/>
			<key>dependencies</key>
			<array>
				<string>183C7D6A1DB761A400338CBB</string>
			</array>
			<key>isa</key>
			<string>PBXNativeTarget</string>
			<key>name</key>
			<string>BeautifulTests</string>
			<key>productName</key>
			<string>BeautifulTests</string>
			<key>productReference</key>
			<string>183C7D681DB761A400338CBB</string>
			<key>productType</key>
			<string>com.apple.product-type.bundle.unit-test</string>
		</dict>
		<key>183C7D681DB761A400338CBB</key>
		<dict>
			<key>explicitFileType</key>
			<string>wrapper.cfbundle</string>
			<key>includeInIndex</key>
			<string>0</string>
			<key>isa</key>
			<string>PBXFileReference</string>
			<key>path</key>
			<string>BeautifulTests.xctest</string>
			<key>sourceTree</key>
			<string>BUILT_PRODUCTS_DIR</string>
		</dict>
		<key>183C7D691DB761A400338CBB</key>
		<dict>
			<key>containerPortal</key>
			<string>183C7D471DB761A400338CBB</string>
			<key>isa</key>
			<string>PBXContainerItemProxy</string>
			<key>proxyType</key>
			<string>1</string>
			<key>remoteGlobalIDString</key>
			<string>183C7D4E1DB761A400338CBB</string>
			<key>remoteInfo</key>
			<string>Beautiful</string>
		</dict>
		<key>183C7D6A1DB761A400338CBB</key>
		<dict>
			<key>isa</key>
			<string>PBXTargetDependency</string>
			<key>target</key>
			<string>183C7D4E1DB761A400338CBB</string>
			<key>targetProxy</key>
			<string>183C7D691DB761A400338CBB</string>
		</dict>
		<key>183C7D6B1DB761A400338CBB</key>
		<dict>
			<key>children</key>
			<array>
				<string>183C7D6C1DB761A400338CBB</string>
				<string>183C7D6E1DB761A400338CBB</string>
			</array>
			<key>isa</key>
			<string>PBXGroup</string>
			<key>path</key>
			<string>BeautifulTests</string>
			<key>sourceTree</key>
			<string>&lt;group&gt;</string>
		</dict>
		<key>183C7D6C1DB761A400338CBB</key>
		<dict>
			<key>isa</key>
			<string>PBXFileReference</string>
			<key>lastKnownFileType</key>
			<string>sourcecode.c.objc</string>
			<key>path</key>
			<string>BeautifulTests.m</string>
			<key>sourceTree</key>
			<string>&lt;group&gt;</string>
		</dict>
		<key>183C7D6D1DB761A400338CBB</key>
		<dict>
			<key>fileRef</key>
			<string>183C7D6C1DB761A400338CBB</string>
			<key>isa</key>
			<string>PBXBuildFile</string>
		</dict>
		<key>183C7D6E1DB761A400338CBB</key>
		<dict>
			<key>isa</key>
			<string>PBXFileReference</string>
			<key>lastKnownFileType</key>
			<string>text.plist.xml</string>
			<key>path</key>
			<string>Info.plist</string>
			<key>sourceTree</key>
			<string>&lt;group&gt;</string>
		</dict>
		<key>183C7D6F1DB761A400338CBB</key>
		<dict>
			<key>buildActionMask</key>
			<string>2147483647</string>
			<key>files</key>
			<array>
				<string>183C7D781DB761A400338CBB</string>
			</array>
			<key>isa</key>
			<string>PBXSourcesBuildPhase</string>
			<key>runOnlyForDeploymentPostprocessing</key>
			<string>0</string>
		</dict>
		<key>183C7D701DB761A400338CBB</key>
		<dict>
			<key>buildActionMask</key>
			<string>2147483647</string>
			<key>files</key>
			<array>
				<string>6568DB3357F6DED094CE0565</string>
			</array>
			<key>isa</key>
			<string>PBXFrameworksBuildPhase</string>
			<key>runOnlyForDeploymentPostprocessing</key>
			<string>0</string>
		</dict>
		<key>183C7D711DB761A400338CBB</key>
		<dict>
			<key>buildActionMask</key>
			<string>2147483647</string>
			<key>files</key>
			<array/>
			<key>isa</key>
			<string>PBXResourcesBuildPhase</string>
			<key>runOnlyForDeploymentPostprocessing</key>
			<string>0</string>
		</dict>
		<key>183C7D721DB761A400338CBB</key>
		<dict>
			<key>buildConfigurationList</key>
			<string>183C7D821DB761A400338CBB</string>
			<key>buildPhases</key>
			<array>
				<string>A64087124D903EE048B9CA09</string>
				<string>183C7D6F1DB761A400338CBB</string>
				<string>183C7D701DB761A400338CBB</string>
				<string>183C7D711DB761A400338CBB</string>
				<string>E2D710D5BEEABA5741F13D50</string>
			</array>
			<key>buildRules</key>
			<array/>
			<key>dependencies</key>
			<array>
				<string>183C7D751DB761A400338CBB</string>
			</array>
			<key>isa</key>
			<string>PBXNativeTarget</string>
			<key>name</key>
			<string>BeautifulUITests</string>
			<key>productName</key>
			<string>BeautifulUITests</string>
			<key>productReference</key>
			<string>183C7D731DB761A400338CBB</string>
			<key>productType</key>
			<string>com.apple.product-type.bundle.ui-testing</string>
		</dict>
		<key>183C7D731DB761A400338CBB</key>
		<dict>
			<key>explicitFileType</key>
			<string>wrapper.cfbundle</string>
			<key>includeInIndex</key>
			<string>0</string>
			<key>isa</key>
			<string>PBXFileReference</string>
			<key>path</key>
			<string>BeautifulUITests.xctest</string>
			<key>sourceTree</key>
			<string>BUILT_PRODUCTS_DIR</string>
		</dict>
		<key>183C7D741DB761A400338CBB</key>
		<dict>
			<key>containerPortal</key>
			<string>183C7D471DB761A400338CBB</string>
			<key>isa</key>
			<string>PBXContainerItemProxy</string>
			<key>proxyType</key>
			<string>1</string>
			<key>remoteGlobalIDString</key>
			<string>183C7D4E1DB761A400338CBB</string>
			<key>remoteInfo</key>
			<string>Beautiful</string>
		</dict>
		<key>183C7D751DB761A400338CBB</key>
		<dict>
			<key>isa</key>
			<string>PBXTargetDependency</string>
			<key>target</key>
			<string>183C7D4E1DB761A400338CBB</string>
			<key>targetProxy</key>
			<string>183C7D741DB761A400338CBB</string>
		</dict>
		<key>183C7D761DB761A400338CBB</key>
		<dict>
			<key>children</key>
			<array>
				<string>183C7D771DB761A400338CBB</string>
				<string>183C7D791DB761A400338CBB</string>
			</array>
			<key>isa</key>
			<string>PBXGroup</string>
			<key>path</key>
			<string>BeautifulUITests</string>
			<key>sourceTree</key>
			<string>&lt;group&gt;</string>
		</dict>
		<key>183C7D771DB761A400338CBB</key>
		<dict>
			<key>isa</key>
			<string>PBXFileReference</string>
			<key>lastKnownFileType</key>
			<string>sourcecode.c.objc</string>
			<key>path</key>
			<string>BeautifulUITests.m</string>
			<key>sourceTree</key>
			<string>&lt;group&gt;</string>
		</dict>
		<key>183C7D781DB761A400338CBB</key>
		<dict>
			<key>fileRef</key>
			<string>183C7D771DB761A400338CBB</string>
			<key>isa</key>
			<string>PBXBuildFile</string>
		</dict>
		<key>183C7D791DB761A400338CBB</key>
		<dict>
			<key>isa</key>
			<string>PBXFileReference</string>
			<key>lastKnownFileType</key>
			<string>text.plist.xml</string>
			<key>path</key>
			<string>Info.plist</string>
			<key>sourceTree</key>
			<string>&lt;group&gt;</string>
		</dict>
		<key>183C7D7A1DB761A400338CBB</key>
		<dict>
			<key>buildSettings</key>
			<dict>
				<key>ALWAYS_SEARCH_USER_PATHS</key>
				<string>NO</string>
				<key>CLANG_CXX_LANGUAGE_STANDARD</key>
				<string>gnu++0x</string>
				<key>CLANG_CXX_LIBRARY</key>
				<string>libc++</string>
				<key>CLANG_ENABLE_MODULES</key>
				<string>YES</string>
				<key>CLANG_ENABLE_OBJC_ARC</key>
				<string>YES</string>
				<key>CLANG_WARN_BOOL_CONVERSION</key>
				<string>YES</string>
				<key>CLANG_WARN_CONSTANT_CONVERSION</key>
				<string>YES</string>
				<key>CLANG_WARN_DIRECT_OBJC_ISA_USAGE</key>
				<string>YES_ERROR</string>
				<key>CLANG_WARN_EMPTY_BODY</key>
				<string>YES</string>
				<key>CLANG_WARN_ENUM_CONVERSION</key>
				<string>YES</string>
				<key>CLANG_WARN_INT_CONVERSION</key>
				<string>YES</string>
				<key>CLANG_WARN_OBJC_ROOT_CLASS</key>
				<string>YES_ERROR</string>
				<key>CLANG_WARN_UNREACHABLE_CODE</key>
				<string>YES</string>
				<key>CLANG_WARN__DUPLICATE_METHOD_MATCH</key>
				<string>YES</string>
				<key>CODE_SIGN_IDENTITY[sdk=iphoneos*]</key>
				<string>iPhone Developer</string>
				<key>COPY_PHASE_STRIP</key>
				<string>NO</string>
				<key>DEBUG_INFORMATION_FORMAT</key>
				<string>dwarf</string>
				<key>ENABLE_STRICT_OBJC_MSGSEND</key>
				<string>YES</string>
				<key>ENABLE_TESTABILITY</key>
				<string>YES</string>
				<key>GCC_C_LANGUAGE_STANDARD</key>
				<string>gnu99</string>
				<key>GCC_DYNAMIC_NO_PIC</key>
				<string>NO</string>
				<key>GCC_NO_COMMON_BLOCKS</key>
				<string>YES</string>
				<key>GCC_OPTIMIZATION_LEVEL</key>
				<string>0</string>
				<key>GCC_PREPROCESSOR_DEFINITIONS</key>
				<array>
					<string>DEBUG=1</string>
					<string>$(inherited)</string>
				</array>
				<key>GCC_WARN_64_TO_32_BIT_CONVERSION</key>
				<string>YES</string>
				<key>GCC_WARN_ABOUT_RETURN_TYPE</key>
				<string>YES_ERROR</string>
				<key>GCC_WARN_UNDECLARED_SELECTOR</key>
				<string>YES</string>
				<key>GCC_WARN_UNINITIALIZED_AUTOS</key>
				<string>YES_AGGRESSIVE</string>
				<key>GCC_WARN_UNUSED_FUNCTION</key>
				<string>YES</string>
				<key>GCC_WARN_UNUSED_VARIABLE</key>
				<string>YES</string>
				<key>IPHONEOS_DEPLOYMENT_TARGET</key>
				<string>9.2</string>
				<key>MTL_ENABLE_DEBUG_INFO</key>
				<string>YES</string>
				<key>ONLY_ACTIVE_ARCH</key>
				<string>YES</string>
				<key>SDKROOT</key>
				<string>iphoneos</string>
				<key>TARGETED_DEVICE_FAMILY</key>
				<string>1,2</string>
			</dict>
			<key>isa</key>
			<string>XCBuildConfiguration</string>
			<key>name</key>
			<string>Debug</string>
		</dict>
		<key>183C7D7B1DB761A400338CBB</key>
		<dict>
			<key>buildSettings</key>
			<dict>
				<key>ALWAYS_SEARCH_USER_PATHS</key>
				<string>NO</string>
				<key>CLANG_CXX_LANGUAGE_STANDARD</key>
				<string>gnu++0x</string>
				<key>CLANG_CXX_LIBRARY</key>
				<string>libc++</string>
				<key>CLANG_ENABLE_MODULES</key>
				<string>YES</string>
				<key>CLANG_ENABLE_OBJC_ARC</key>
				<string>YES</string>
				<key>CLANG_WARN_BOOL_CONVERSION</key>
				<string>YES</string>
				<key>CLANG_WARN_CONSTANT_CONVERSION</key>
				<string>YES</string>
				<key>CLANG_WARN_DIRECT_OBJC_ISA_USAGE</key>
				<string>YES_ERROR</string>
				<key>CLANG_WARN_EMPTY_BODY</key>
				<string>YES</string>
				<key>CLANG_WARN_ENUM_CONVERSION</key>
				<string>YES</string>
				<key>CLANG_WARN_INT_CONVERSION</key>
				<string>YES</string>
				<key>CLANG_WARN_OBJC_ROOT_CLASS</key>
				<string>YES_ERROR</string>
				<key>CLANG_WARN_UNREACHABLE_CODE</key>
				<string>YES</string>
				<key>CLANG_WARN__DUPLICATE_METHOD_MATCH</key>
				<string>YES</string>
				<key>CODE_SIGN_IDENTITY[sdk=iphoneos*]</key>
				<string>iPhone Developer</string>
				<key>COPY_PHASE_STRIP</key>
				<string>NO</string>
				<key>DEBUG_INFORMATION_FORMAT</key>
				<string>dwarf-with-dsym</string>
				<key>ENABLE_NS_ASSERTIONS</key>
				<string>NO</string>
				<key>ENABLE_STRICT_OBJC_MSGSEND</key>
				<string>YES</string>
				<key>GCC_C_LANGUAGE_STANDARD</key>
				<string>gnu99</string>
				<key>GCC_NO_COMMON_BLOCKS</key>
				<string>YES</string>
				<key>GCC_WARN_64_TO_32_BIT_CONVERSION</key>
				<string>YES</string>
				<key>GCC_WARN_ABOUT_RETURN_TYPE</key>
				<string>YES_ERROR</string>
				<key>GCC_WARN_UNDECLARED_SELECTOR</key>
				<string>YES</string>
				<key>GCC_WARN_UNINITIALIZED_AUTOS</key>
				<string>YES_AGGRESSIVE</string>
				<key>GCC_WARN_UNUSED_FUNCTION</key>
				<string>YES</string>
				<key>GCC_WARN_UNUSED_VARIABLE</key>
				<string>YES</string>
				<key>IPHONEOS_DEPLOYMENT_TARGET</key>
				<string>9.2</string>
				<key>MTL_ENABLE_DEBUG_INFO</key>
				<string>NO</string>
				<key>SDKROOT</key>
				<string>iphoneos</string>
				<key>TARGETED_DEVICE_FAMILY</key>
				<string>1,2</string>
				<key>VALIDATE_PRODUCT</key>
				<string>YES</string>
			</dict>
			<key>isa</key>
			<string>XCBuildConfiguration</string>
			<key>name</key>
			<string>Release</string>
		</dict>
		<key>183C7D7C1DB761A400338CBB</key>
		<dict>
			<key>buildConfigurations</key>
			<array>
				<string>183C7D7D1DB761A400338CBB</string>
				<string>183C7D7E1DB761A400338CBB</string>
			</array>
			<key>defaultConfigurationIsVisible</key>
			<string>0</string>
			<key>defaultConfigurationName</key>
			<string>Release</string>
			<key>isa</key>
			<string>XCConfigurationList</string>
		</dict>
		<key>183C7D7D1DB761A400338CBB</key>
		<dict>
			<key>baseConfigurationReference</key>
			<string>DB7EE009A9FB4ABE0A1048A7</string>
			<key>buildSettings</key>
			<dict>
				<key>ASSETCATALOG_COMPILER_APPICON_NAME</key>
				<string>AppIcon</string>
				<key>CODE_SIGN_IDENTITY</key>
				<string>iPhone Developer</string>
				<key>CODE_SIGN_IDENTITY[sdk=iphoneos*]</key>
				<string>iPhone Developer</string>
				<key>DEVELOPMENT_TEAM</key>
				<string></string>
				<key>GCC_PREFIX_HEADER</key>
				<string>$(SRCEOOT)Beautiful/MJ_PrefixHeader.pch</string>
				<key>INFOPLIST_FILE</key>
				<string>Beautiful/Info.plist</string>
				<key>IPHONEOS_DEPLOYMENT_TARGET</key>
				<string>8.0</string>
				<key>LD_RUNPATH_SEARCH_PATHS</key>
				<string>$(inherited) @executable_path/Frameworks</string>
				<key>PRODUCT_BUNDLE_IDENTIFIER</key>
				<string>com.MJ.Beautiful</string>
				<key>PRODUCT_NAME</key>
				<string>$(TARGET_NAME)</string>
			</dict>
			<key>isa</key>
			<string>XCBuildConfiguration</string>
			<key>name</key>
			<string>Debug</string>
		</dict>
		<key>183C7D7E1DB761A400338CBB</key>
		<dict>
			<key>baseConfigurationReference</key>
			<string>0ED659F9C88C3BB92B1F1ED5</string>
			<key>buildSettings</key>
			<dict>
				<key>ASSETCATALOG_COMPILER_APPICON_NAME</key>
				<string>AppIcon</string>
				<key>CODE_SIGN_IDENTITY</key>
				<string>iPhone Developer</string>
				<key>CODE_SIGN_IDENTITY[sdk=iphoneos*]</key>
				<string>iPhone Developer</string>
				<key>DEVELOPMENT_TEAM</key>
				<string></string>
				<key>GCC_PREFIX_HEADER</key>
				<string>$(SRCEOOT)Beautiful/MJ_PrefixHeader.pch</string>
				<key>INFOPLIST_FILE</key>
				<string>Beautiful/Info.plist</string>
				<key>IPHONEOS_DEPLOYMENT_TARGET</key>
				<string>8.0</string>
				<key>LD_RUNPATH_SEARCH_PATHS</key>
				<string>$(inherited) @executable_path/Frameworks</string>
				<key>PRODUCT_BUNDLE_IDENTIFIER</key>
				<string>com.MJ.Beautiful</string>
				<key>PRODUCT_NAME</key>
				<string>$(TARGET_NAME)</string>
			</dict>
			<key>isa</key>
			<string>XCBuildConfiguration</string>
			<key>name</key>
			<string>Release</string>
		</dict>
		<key>183C7D7F1DB761A400338CBB</key>
		<dict>
			<key>buildConfigurations</key>
			<array>
				<string>183C7D801DB761A400338CBB</string>
				<string>183C7D811DB761A400338CBB</string>
			</array>
			<key>defaultConfigurationIsVisible</key>
			<string>0</string>
			<key>defaultConfigurationName</key>
			<string>Release</string>
			<key>isa</key>
			<string>XCConfigurationList</string>
		</dict>
		<key>183C7D801DB761A400338CBB</key>
		<dict>
			<key>baseConfigurationReference</key>
			<string>70BCB35D69C5449BEE1B5090</string>
			<key>buildSettings</key>
			<dict>
				<key>BUNDLE_LOADER</key>
				<string>$(TEST_HOST)</string>
				<key>INFOPLIST_FILE</key>
				<string>BeautifulTests/Info.plist</string>
				<key>LD_RUNPATH_SEARCH_PATHS</key>
				<string>$(inherited) @executable_path/Frameworks @loader_path/Frameworks</string>
				<key>PRODUCT_BUNDLE_IDENTIFIER</key>
				<string>com.MJ.BeautifulTests</string>
				<key>PRODUCT_NAME</key>
				<string>$(TARGET_NAME)</string>
				<key>TEST_HOST</key>
				<string>$(BUILT_PRODUCTS_DIR)/Beautiful.app/Beautiful</string>
			</dict>
			<key>isa</key>
			<string>XCBuildConfiguration</string>
			<key>name</key>
			<string>Debug</string>
		</dict>
		<key>183C7D811DB761A400338CBB</key>
		<dict>
			<key>baseConfigurationReference</key>
			<string>272D7B2CEE505AA46A98F809</string>
			<key>buildSettings</key>
			<dict>
				<key>BUNDLE_LOADER</key>
				<string>$(TEST_HOST)</string>
				<key>INFOPLIST_FILE</key>
				<string>BeautifulTests/Info.plist</string>
				<key>LD_RUNPATH_SEARCH_PATHS</key>
				<string>$(inherited) @executable_path/Frameworks @loader_path/Frameworks</string>
				<key>PRODUCT_BUNDLE_IDENTIFIER</key>
				<string>com.MJ.BeautifulTests</string>
				<key>PRODUCT_NAME</key>
				<string>$(TARGET_NAME)</string>
				<key>TEST_HOST</key>
				<string>$(BUILT_PRODUCTS_DIR)/Beautiful.app/Beautiful</string>
			</dict>
			<key>isa</key>
			<string>XCBuildConfiguration</string>
			<key>name</key>
			<string>Release</string>
		</dict>
		<key>183C7D821DB761A400338CBB</key>
		<dict>
			<key>buildConfigurations</key>
			<array>
				<string>183C7D831DB761A400338CBB</string>
				<string>183C7D841DB761A400338CBB</string>
			</array>
			<key>defaultConfigurationIsVisible</key>
			<string>0</string>
			<key>defaultConfigurationName</key>
			<string>Release</string>
			<key>isa</key>
			<string>XCConfigurationList</string>
		</dict>
		<key>183C7D831DB761A400338CBB</key>
		<dict>
			<key>baseConfigurationReference</key>
			<string>7364EA483645F6335ABBB4A4</string>
			<key>buildSettings</key>
			<dict>
				<key>INFOPLIST_FILE</key>
				<string>BeautifulUITests/Info.plist</string>
				<key>LD_RUNPATH_SEARCH_PATHS</key>
				<string>$(inherited) @executable_path/Frameworks @loader_path/Frameworks</string>
				<key>PRODUCT_BUNDLE_IDENTIFIER</key>
				<string>com.MJ.BeautifulUITests</string>
				<key>PRODUCT_NAME</key>
				<string>$(TARGET_NAME)</string>
				<key>TEST_TARGET_NAME</key>
				<string>Beautiful</string>
				<key>USES_XCTRUNNER</key>
				<string>YES</string>
			</dict>
			<key>isa</key>
			<string>XCBuildConfiguration</string>
			<key>name</key>
			<string>Debug</string>
		</dict>
		<key>183C7D841DB761A400338CBB</key>
		<dict>
			<key>baseConfigurationReference</key>
			<string>A27AA814A638F87A8AEF6EBA</string>
			<key>buildSettings</key>
			<dict>
				<key>INFOPLIST_FILE</key>
				<string>BeautifulUITests/Info.plist</string>
				<key>LD_RUNPATH_SEARCH_PATHS</key>
				<string>$(inherited) @executable_path/Frameworks @loader_path/Frameworks</string>
				<key>PRODUCT_BUNDLE_IDENTIFIER</key>
				<string>com.MJ.BeautifulUITests</string>
				<key>PRODUCT_NAME</key>
				<string>$(TARGET_NAME)</string>
				<key>TEST_TARGET_NAME</key>
				<string>Beautiful</string>
				<key>USES_XCTRUNNER</key>
				<string>YES</string>
			</dict>
			<key>isa</key>
			<string>XCBuildConfiguration</string>
			<key>name</key>
			<string>Release</string>
		</dict>
		<key>183C7D8B1DB7695300338CBB</key>
		<dict>
			<key>isa</key>
			<string>PBXFileReference</string>
			<key>lastKnownFileType</key>
			<string>sourcecode.c.h</string>
			<key>path</key>
			<string>MJ_PrefixHeader.pch</string>
			<key>sourceTree</key>
			<string>&lt;group&gt;</string>
		</dict>
		<key>183C7E861DBA181300338CBB</key>
		<dict>
			<key>fileEncoding</key>
			<string>4</string>
			<key>isa</key>
			<string>PBXFileReference</string>
			<key>lastKnownFileType</key>
			<string>sourcecode.c.h</string>
			<key>path</key>
			<string>MJ_CurrentPictureViewController.h</string>
			<key>sourceTree</key>
			<string>&lt;group&gt;</string>
		</dict>
		<key>183C7E871DBA181300338CBB</key>
		<dict>
			<key>fileEncoding</key>
			<string>4</string>
			<key>isa</key>
			<string>PBXFileReference</string>
			<key>lastKnownFileType</key>
			<string>sourcecode.c.objc</string>
			<key>path</key>
			<string>MJ_CurrentPictureViewController.m</string>
			<key>sourceTree</key>
			<string>&lt;group&gt;</string>
		</dict>
		<key>183C7E881DBA181300338CBB</key>
		<dict>
			<key>fileRef</key>
			<string>183C7E871DBA181300338CBB</string>
			<key>isa</key>
			<string>PBXBuildFile</string>
		</dict>
		<key>183C7E891DBA36BF00338CBB</key>
		<dict>
			<key>children</key>
			<array>
				<string>18892C011DBDE9BA00524227</string>
				<string>18892C021DBDE9BA00524227</string>
				<string>183C7E8B1DBA376A00338CBB</string>
				<string>183C7E8C1DBA376A00338CBB</string>
			</array>
			<key>isa</key>
			<string>PBXGroup</string>
			<key>path</key>
			<string>View</string>
			<key>sourceTree</key>
			<string>&lt;group&gt;</string>
		</dict>
		<key>183C7E8B1DBA376A00338CBB</key>
		<dict>
			<key>fileEncoding</key>
			<string>4</string>
			<key>isa</key>
			<string>PBXFileReference</string>
			<key>lastKnownFileType</key>
			<string>sourcecode.c.h</string>
			<key>path</key>
			<string>MJ_CurrentPicturesCollectionViewCell.h</string>
			<key>sourceTree</key>
			<string>&lt;group&gt;</string>
		</dict>
		<key>183C7E8C1DBA376A00338CBB</key>
		<dict>
			<key>fileEncoding</key>
			<string>4</string>
			<key>isa</key>
			<string>PBXFileReference</string>
			<key>lastKnownFileType</key>
			<string>sourcecode.c.objc</string>
			<key>path</key>
			<string>MJ_CurrentPicturesCollectionViewCell.m</string>
			<key>sourceTree</key>
			<string>&lt;group&gt;</string>
		</dict>
		<key>183C7E8D1DBA376A00338CBB</key>
		<dict>
			<key>fileRef</key>
			<string>183C7E8C1DBA376A00338CBB</string>
			<key>isa</key>
			<string>PBXBuildFile</string>
		</dict>
		<key>183C7E8E1DBA37AF00338CBB</key>
		<dict>
			<key>fileEncoding</key>
			<string>4</string>
			<key>isa</key>
			<string>PBXFileReference</string>
			<key>lastKnownFileType</key>
			<string>sourcecode.c.h</string>
			<key>path</key>
			<string>MJ_BaseView.h</string>
			<key>sourceTree</key>
			<string>&lt;group&gt;</string>
		</dict>
		<key>183C7E8F1DBA37AF00338CBB</key>
		<dict>
			<key>fileEncoding</key>
			<string>4</string>
			<key>isa</key>
			<string>PBXFileReference</string>
			<key>lastKnownFileType</key>
			<string>sourcecode.c.objc</string>
			<key>path</key>
			<string>MJ_BaseView.m</string>
			<key>sourceTree</key>
			<string>&lt;group&gt;</string>
		</dict>
		<key>183C7E901DBA37AF00338CBB</key>
		<dict>
			<key>fileRef</key>
			<string>183C7E8F1DBA37AF00338CBB</string>
			<key>isa</key>
			<string>PBXBuildFile</string>
		</dict>
		<key>183C7E911DBA37C900338CBB</key>
		<dict>
			<key>fileEncoding</key>
			<string>4</string>
			<key>isa</key>
			<string>PBXFileReference</string>
			<key>lastKnownFileType</key>
			<string>sourcecode.c.h</string>
			<key>path</key>
			<string>MJ_BaseModel.h</string>
			<key>sourceTree</key>
			<string>&lt;group&gt;</string>
		</dict>
		<key>183C7E921DBA37C900338CBB</key>
		<dict>
			<key>fileEncoding</key>
			<string>4</string>
			<key>isa</key>
			<string>PBXFileReference</string>
			<key>lastKnownFileType</key>
			<string>sourcecode.c.objc</string>
			<key>path</key>
			<string>MJ_BaseModel.m</string>
			<key>sourceTree</key>
			<string>&lt;group&gt;</string>
		</dict>
		<key>183C7E931DBA37C900338CBB</key>
		<dict>
			<key>fileRef</key>
			<string>183C7E921DBA37C900338CBB</string>
			<key>isa</key>
			<string>PBXBuildFile</string>
		</dict>
		<key>183C7E941DBA500300338CBB</key>
		<dict>
			<key>fileEncoding</key>
			<string>4</string>
			<key>isa</key>
			<string>PBXFileReference</string>
			<key>lastKnownFileType</key>
			<string>sourcecode.c.h</string>
			<key>path</key>
			<string>MJ_BeautifyPicturesViewController.h</string>
			<key>sourceTree</key>
			<string>&lt;group&gt;</string>
		</dict>
		<key>183C7E951DBA500300338CBB</key>
		<dict>
			<key>fileEncoding</key>
			<string>4</string>
			<key>isa</key>
			<string>PBXFileReference</string>
			<key>lastKnownFileType</key>
			<string>sourcecode.c.objc</string>
			<key>path</key>
			<string>MJ_BeautifyPicturesViewController.m</string>
			<key>sourceTree</key>
			<string>&lt;group&gt;</string>
		</dict>
		<key>183C7E961DBA500300338CBB</key>
		<dict>
			<key>fileRef</key>
			<string>183C7E951DBA500300338CBB</string>
			<key>isa</key>
			<string>PBXBuildFile</string>
		</dict>
		<key>18892C011DBDE9BA00524227</key>
		<dict>
			<key>fileEncoding</key>
			<string>4</string>
			<key>isa</key>
			<string>PBXFileReference</string>
			<key>lastKnownFileType</key>
			<string>sourcecode.c.h</string>
			<key>path</key>
			<string>MJ_CameraPictureCollectionViewCell.h</string>
			<key>sourceTree</key>
			<string>&lt;group&gt;</string>
		</dict>
		<key>18892C021DBDE9BA00524227</key>
		<dict>
			<key>fileEncoding</key>
			<string>4</string>
			<key>isa</key>
			<string>PBXFileReference</string>
			<key>lastKnownFileType</key>
			<string>sourcecode.c.objc</string>
			<key>path</key>
			<string>MJ_CameraPictureCollectionViewCell.m</string>
			<key>sourceTree</key>
			<string>&lt;group&gt;</string>
		</dict>
		<key>18892C031DBDE9BA00524227</key>
		<dict>
			<key>fileRef</key>
			<string>18892C021DBDE9BA00524227</string>
			<key>isa</key>
			<string>PBXBuildFile</string>
		</dict>
		<key>18892C041DBE465000524227</key>
		<dict>
			<key>fileEncoding</key>
			<string>4</string>
			<key>isa</key>
			<string>PBXFileReference</string>
			<key>lastKnownFileType</key>
			<string>sourcecode.c.h</string>
			<key>path</key>
			<string>MJ_ShareCollectionViewCell.h</string>
			<key>sourceTree</key>
			<string>&lt;group&gt;</string>
		</dict>
		<key>18892C051DBE465000524227</key>
		<dict>
			<key>fileEncoding</key>
			<string>4</string>
			<key>isa</key>
			<string>PBXFileReference</string>
			<key>lastKnownFileType</key>
			<string>sourcecode.c.objc</string>
			<key>path</key>
			<string>MJ_ShareCollectionViewCell.m</string>
			<key>sourceTree</key>
			<string>&lt;group&gt;</string>
		</dict>
		<key>18892C061DBE465000524227</key>
		<dict>
			<key>fileRef</key>
			<string>18892C051DBE465000524227</string>
			<key>isa</key>
			<string>PBXBuildFile</string>
		</dict>
		<key>18892CC61DC04DED00524227</key>
		<dict>
			<key>children</key>
			<array>
				<string>18892CEF1DC050A200524227</string>
				<string>18892CEE1DC0509C00524227</string>
			</array>
			<key>isa</key>
			<string>PBXGroup</string>
			<key>name</key>
			<string>AutoAlbum</string>
			<key>path</key>
			<string>AutoAlbum</string>
			<key>sourceTree</key>
			<string>&lt;group&gt;</string>
		</dict>
		<key>18892CD21DC04F3E00524227</key>
		<dict>
			<key>fileEncoding</key>
			<string>4</string>
			<key>isa</key>
			<string>PBXFileReference</string>
			<key>lastKnownFileType</key>
			<string>sourcecode.c.h</string>
			<key>path</key>
			<string>ALAssetsLibrary+YF.h</string>
			<key>sourceTree</key>
			<string>&lt;group&gt;</string>
		</dict>
		<key>18892CD31DC04F3E00524227</key>
		<dict>
			<key>fileEncoding</key>
			<string>4</string>
			<key>isa</key>
			<string>PBXFileReference</string>
			<key>lastKnownFileType</key>
			<string>sourcecode.c.objc</string>
			<key>path</key>
			<string>ALAssetsLibrary+YF.m</string>
			<key>sourceTree</key>
			<string>&lt;group&gt;</string>
		</dict>
		<key>18892CD41DC04F3E00524227</key>
		<dict>
			<key>fileEncoding</key>
			<string>4</string>
			<key>isa</key>
			<string>PBXFileReference</string>
			<key>lastKnownFileType</key>
			<string>sourcecode.c.h</string>
			<key>path</key>
			<string>ShowCell.h</string>
			<key>sourceTree</key>
			<string>&lt;group&gt;</string>
		</dict>
		<key>18892CD51DC04F3E00524227</key>
		<dict>
			<key>fileEncoding</key>
			<string>4</string>
			<key>isa</key>
			<string>PBXFileReference</string>
			<key>lastKnownFileType</key>
			<string>sourcecode.c.objc</string>
			<key>path</key>
			<string>ShowCell.m</string>
			<key>sourceTree</key>
			<string>&lt;group&gt;</string>
		</dict>
		<key>18892CD61DC04F3E00524227</key>
		<dict>
			<key>fileEncoding</key>
			<string>4</string>
			<key>isa</key>
			<string>PBXFileReference</string>
			<key>lastKnownFileType</key>
			<string>file.xib</string>
			<key>path</key>
			<string>ShowCell.xib</string>
			<key>sourceTree</key>
			<string>&lt;group&gt;</string>
		</dict>
		<key>18892CD71DC04F3E00524227</key>
		<dict>
			<key>fileEncoding</key>
			<string>4</string>
			<key>isa</key>
			<string>PBXFileReference</string>
			<key>lastKnownFileType</key>
			<string>sourcecode.c.h</string>
			<key>path</key>
			<string>ShowViewController.h</string>
			<key>sourceTree</key>
			<string>&lt;group&gt;</string>
		</dict>
		<key>18892CD81DC04F3E00524227</key>
		<dict>
			<key>fileEncoding</key>
			<string>4</string>
			<key>isa</key>
			<string>PBXFileReference</string>
			<key>lastKnownFileType</key>
			<string>sourcecode.c.objc</string>
			<key>path</key>
			<string>ShowViewController.m</string>
			<key>sourceTree</key>
			<string>&lt;group&gt;</string>
		</dict>
		<key>18892CD91DC04F3E00524227</key>
		<dict>
			<key>fileEncoding</key>
			<string>4</string>
			<key>isa</key>
			<string>PBXFileReference</string>
			<key>lastKnownFileType</key>
			<string>sourcecode.c.h</string>
			<key>path</key>
			<string>YFSelfImage.h</string>
			<key>sourceTree</key>
			<string>&lt;group&gt;</string>
		</dict>
		<key>18892CDA1DC04F3E00524227</key>
		<dict>
			<key>fileEncoding</key>
			<string>4</string>
			<key>isa</key>
			<string>PBXFileReference</string>
			<key>lastKnownFileType</key>
			<string>sourcecode.c.objc</string>
			<key>path</key>
			<string>YFSelfImage.m</string>
			<key>sourceTree</key>
			<string>&lt;group&gt;</string>
		</dict>
		<key>18892CDB1DC04F3E00524227</key>
		<dict>
			<key>fileEncoding</key>
			<string>4</string>
			<key>isa</key>
			<string>PBXFileReference</string>
			<key>lastKnownFileType</key>
			<string>sourcecode.c.h</string>
			<key>path</key>
			<string>YFShowAlbumCell.h</string>
			<key>sourceTree</key>
			<string>&lt;group&gt;</string>
		</dict>
		<key>18892CDC1DC04F3E00524227</key>
		<dict>
			<key>fileEncoding</key>
			<string>4</string>
			<key>isa</key>
			<string>PBXFileReference</string>
			<key>lastKnownFileType</key>
			<string>sourcecode.c.objc</string>
			<key>path</key>
			<string>YFShowAlbumCell.m</string>
			<key>sourceTree</key>
			<string>&lt;group&gt;</string>
		</dict>
		<key>18892CDD1DC04F3E00524227</key>
		<dict>
			<key>fileEncoding</key>
			<string>4</string>
			<key>isa</key>
			<string>PBXFileReference</string>
			<key>lastKnownFileType</key>
			<string>file.xib</string>
			<key>path</key>
			<string>YFShowAlbumCell.xib</string>
			<key>sourceTree</key>
			<string>&lt;group&gt;</string>
		</dict>
		<key>18892CE21DC04F3E00524227</key>
		<dict>
			<key>fileRef</key>
			<string>18892CD31DC04F3E00524227</string>
			<key>isa</key>
			<string>PBXBuildFile</string>
		</dict>
		<key>18892CE31DC04F3E00524227</key>
		<dict>
			<key>fileRef</key>
			<string>18892CD51DC04F3E00524227</string>
			<key>isa</key>
			<string>PBXBuildFile</string>
		</dict>
		<key>18892CE41DC04F3E00524227</key>
		<dict>
			<key>fileRef</key>
			<string>18892CD61DC04F3E00524227</string>
			<key>isa</key>
			<string>PBXBuildFile</string>
		</dict>
		<key>18892CE51DC04F3E00524227</key>
		<dict>
			<key>fileRef</key>
			<string>18892CD81DC04F3E00524227</string>
			<key>isa</key>
			<string>PBXBuildFile</string>
		</dict>
		<key>18892CE61DC04F3E00524227</key>
		<dict>
			<key>fileRef</key>
			<string>18892CDA1DC04F3E00524227</string>
			<key>isa</key>
			<string>PBXBuildFile</string>
		</dict>
		<key>18892CE71DC04F3E00524227</key>
		<dict>
			<key>fileRef</key>
			<string>18892CDC1DC04F3E00524227</string>
			<key>isa</key>
			<string>PBXBuildFile</string>
		</dict>
		<key>18892CE81DC04F3E00524227</key>
		<dict>
			<key>fileRef</key>
			<string>18892CDD1DC04F3E00524227</string>
			<key>isa</key>
			<string>PBXBuildFile</string>
		</dict>
		<key>18892CEB1DC04F4900524227</key>
		<dict>
			<key>fileEncoding</key>
			<string>4</string>
			<key>isa</key>
			<string>PBXFileReference</string>
			<key>lastKnownFileType</key>
			<string>sourcecode.c.h</string>
			<key>path</key>
			<string>NSObject+YFPhoto.h</string>
			<key>sourceTree</key>
			<string>&lt;group&gt;</string>
		</dict>
		<key>18892CEC1DC04F4900524227</key>
		<dict>
			<key>fileEncoding</key>
			<string>4</string>
			<key>isa</key>
			<string>PBXFileReference</string>
			<key>lastKnownFileType</key>
			<string>sourcecode.c.objc</string>
			<key>path</key>
			<string>NSObject+YFPhoto.m</string>
			<key>sourceTree</key>
			<string>&lt;group&gt;</string>
		</dict>
		<key>18892CED1DC04F4900524227</key>
		<dict>
			<key>fileRef</key>
			<string>18892CEC1DC04F4900524227</string>
			<key>isa</key>
			<string>PBXBuildFile</string>
		</dict>
		<key>18892CEE1DC0509C00524227</key>
		<dict>
			<key>children</key>
			<array>
				<string>18892CD21DC04F3E00524227</string>
				<string>18892CD31DC04F3E00524227</string>
				<string>18892CEB1DC04F4900524227</string>
				<string>18892CEC1DC04F4900524227</string>
				<string>18892CD41DC04F3E00524227</string>
				<string>18892CD51DC04F3E00524227</string>
				<string>18892CD61DC04F3E00524227</string>
				<string>18892CD91DC04F3E00524227</string>
				<string>18892CDA1DC04F3E00524227</string>
				<string>18892CDB1DC04F3E00524227</string>
				<string>18892CDC1DC04F3E00524227</string>
				<string>18892CDD1DC04F3E00524227</string>
			</array>
			<key>isa</key>
			<string>PBXGroup</string>
			<key>name</key>
			<string>View</string>
			<key>path</key>
			<string>View</string>
			<key>sourceTree</key>
			<string>&lt;group&gt;</string>
		</dict>
		<key>18892CEF1DC050A200524227</key>
		<dict>
			<key>children</key>
			<array>
				<string>182A027F1DC0E77900D10B0C</string>
				<string>182A02801DC0E77900D10B0C</string>
				<string>18892CF01DC056A400524227</string>
				<string>18892CF11DC056A400524227</string>
				<string>18EF113C1DC09BD7001A32FD</string>
				<string>18EF113D1DC09BD7001A32FD</string>
				<string>18892CD71DC04F3E00524227</string>
				<string>18892CD81DC04F3E00524227</string>
			</array>
			<key>isa</key>
			<string>PBXGroup</string>
			<key>name</key>
			<string>Controller</string>
			<key>path</key>
			<string>Controller</string>
			<key>sourceTree</key>
			<string>&lt;group&gt;</string>
		</dict>
		<key>18892CF01DC056A400524227</key>
		<dict>
			<key>fileEncoding</key>
			<string>4</string>
			<key>isa</key>
			<string>PBXFileReference</string>
			<key>lastKnownFileType</key>
			<string>sourcecode.c.h</string>
			<key>path</key>
			<string>MJ_ShowAutoAlbumViewController.h</string>
			<key>sourceTree</key>
			<string>&lt;group&gt;</string>
		</dict>
		<key>18892CF11DC056A400524227</key>
		<dict>
			<key>fileEncoding</key>
			<string>4</string>
			<key>isa</key>
			<string>PBXFileReference</string>
			<key>lastKnownFileType</key>
			<string>sourcecode.c.objc</string>
			<key>path</key>
			<string>MJ_ShowAutoAlbumViewController.m</string>
			<key>sourceTree</key>
			<string>&lt;group&gt;</string>
		</dict>
		<key>18892CF21DC056A400524227</key>
		<dict>
			<key>fileRef</key>
			<string>18892CF11DC056A400524227</string>
			<key>isa</key>
			<string>PBXBuildFile</string>
		</dict>
		<key>18EF113C1DC09BD7001A32FD</key>
		<dict>
			<key>fileEncoding</key>
			<string>4</string>
			<key>isa</key>
			<string>PBXFileReference</string>
			<key>lastKnownFileType</key>
			<string>sourcecode.c.h</string>
			<key>path</key>
			<string>MJ_ShowGroupAlbumViewController.h</string>
			<key>sourceTree</key>
			<string>&lt;group&gt;</string>
		</dict>
		<key>18EF113D1DC09BD7001A32FD</key>
		<dict>
			<key>fileEncoding</key>
			<string>4</string>
			<key>isa</key>
			<string>PBXFileReference</string>
			<key>lastKnownFileType</key>
			<string>sourcecode.c.objc</string>
			<key>path</key>
			<string>MJ_ShowGroupAlbumViewController.m</string>
			<key>sourceTree</key>
			<string>&lt;group&gt;</string>
		</dict>
		<key>18EF113E1DC09BD7001A32FD</key>
		<dict>
			<key>fileRef</key>
			<string>18EF113D1DC09BD7001A32FD</string>
			<key>isa</key>
			<string>PBXBuildFile</string>
		</dict>
		<key>26B26DCA0DED05B02A5F74F7</key>
		<dict>
			<key>buildActionMask</key>
			<string>2147483647</string>
			<key>files</key>
			<array/>
			<key>inputPaths</key>
			<array/>
			<key>isa</key>
			<string>PBXShellScriptBuildPhase</string>
			<key>name</key>
			<string>[CP] Copy Pods Resources</string>
			<key>outputPaths</key>
			<array/>
			<key>runOnlyForDeploymentPostprocessing</key>
			<string>0</string>
			<key>shellPath</key>
			<string>/bin/sh</string>
			<key>shellScript</key>
			<string>"${SRCROOT}/Pods/Target Support Files/Pods-BeautifulTests/Pods-BeautifulTests-resources.sh"
</string>
			<key>showEnvVarsInLog</key>
			<string>0</string>
		</dict>
		<key>272D7B2CEE505AA46A98F809</key>
		<dict>
			<key>includeInIndex</key>
			<string>1</string>
			<key>isa</key>
			<string>PBXFileReference</string>
			<key>lastKnownFileType</key>
			<string>text.xcconfig</string>
			<key>name</key>
			<string>Pods-BeautifulTests.release.xcconfig</string>
			<key>path</key>
			<string>Pods/Target Support Files/Pods-BeautifulTests/Pods-BeautifulTests.release.xcconfig</string>
			<key>sourceTree</key>
			<string>&lt;group&gt;</string>
		</dict>
		<key>413EF7E30AF2BB76C553B93F</key>
		<dict>
			<key>buildActionMask</key>
			<string>2147483647</string>
			<key>files</key>
			<array/>
			<key>inputPaths</key>
			<array/>
			<key>isa</key>
			<string>PBXShellScriptBuildPhase</string>
			<key>name</key>
			<string>[CP] Embed Pods Frameworks</string>
			<key>outputPaths</key>
			<array/>
			<key>runOnlyForDeploymentPostprocessing</key>
			<string>0</string>
			<key>shellPath</key>
			<string>/bin/sh</string>
			<key>shellScript</key>
			<string>"${SRCROOT}/Pods/Target Support Files/Pods-BeautifulTests/Pods-BeautifulTests-frameworks.sh"
</string>
			<key>showEnvVarsInLog</key>
			<string>0</string>
		</dict>
		<key>46228202385F528AFDFE6874</key>
		<dict>
			<key>explicitFileType</key>
			<string>archive.ar</string>
			<key>includeInIndex</key>
			<string>0</string>
			<key>isa</key>
			<string>PBXFileReference</string>
			<key>path</key>
			<string>libPods-Beautiful.a</string>
			<key>sourceTree</key>
			<string>BUILT_PRODUCTS_DIR</string>
		</dict>
		<key>49A6EEF01DB8FFF500E5F28C</key>
		<dict>
			<key>children</key>
			<array>
				<string>49A6EEF11DB8FFF500E5F28C</string>
				<string>49A6EEF41DB8FFF500E5F28C</string>
				<string>49A6EEF71DB8FFF500E5F28C</string>
			</array>
			<key>isa</key>
			<string>PBXGroup</string>
			<key>path</key>
			<string>A_Base</string>
			<key>sourceTree</key>
			<string>&lt;group&gt;</string>
		</dict>
		<key>49A6EEF11DB8FFF500E5F28C</key>
		<dict>
			<key>children</key>
			<array>
				<string>49A6EEF21DB8FFF500E5F28C</string>
				<string>49A6EEF31DB8FFF500E5F28C</string>
			</array>
			<key>isa</key>
			<string>PBXGroup</string>
			<key>path</key>
			<string>Controller</string>
			<key>sourceTree</key>
			<string>&lt;group&gt;</string>
		</dict>
		<key>49A6EEF21DB8FFF500E5F28C</key>
		<dict>
			<key>fileEncoding</key>
			<string>4</string>
			<key>isa</key>
			<string>PBXFileReference</string>
			<key>lastKnownFileType</key>
			<string>sourcecode.c.h</string>
			<key>path</key>
			<string>MJ_BaseViewController.h</string>
			<key>sourceTree</key>
			<string>&lt;group&gt;</string>
		</dict>
		<key>49A6EEF31DB8FFF500E5F28C</key>
		<dict>
			<key>fileEncoding</key>
			<string>4</string>
			<key>isa</key>
			<string>PBXFileReference</string>
			<key>lastKnownFileType</key>
			<string>sourcecode.c.objc</string>
			<key>path</key>
			<string>MJ_BaseViewController.m</string>
			<key>sourceTree</key>
			<string>&lt;group&gt;</string>
		</dict>
		<key>49A6EEF41DB8FFF500E5F28C</key>
		<dict>
			<key>children</key>
			<array>
				<string>183C7E911DBA37C900338CBB</string>
				<string>183C7E921DBA37C900338CBB</string>
			</array>
			<key>isa</key>
			<string>PBXGroup</string>
			<key>path</key>
			<string>Model</string>
			<key>sourceTree</key>
			<string>&lt;group&gt;</string>
		</dict>
		<key>49A6EEF71DB8FFF500E5F28C</key>
		<dict>
			<key>children</key>
			<array>
				<string>183C7E8E1DBA37AF00338CBB</string>
				<string>183C7E8F1DBA37AF00338CBB</string>
				<string>49A6EEF81DB8FFF500E5F28C</string>
				<string>49A6EEF91DB8FFF500E5F28C</string>
			</array>
			<key>isa</key>
			<string>PBXGroup</string>
			<key>path</key>
			<string>View</string>
			<key>sourceTree</key>
			<string>&lt;group&gt;</string>
		</dict>
		<key>49A6EEF81DB8FFF500E5F28C</key>
		<dict>
			<key>fileEncoding</key>
			<string>4</string>
			<key>isa</key>
			<string>PBXFileReference</string>
			<key>lastKnownFileType</key>
			<string>sourcecode.c.h</string>
			<key>path</key>
			<string>MJ_Button.h</string>
			<key>sourceTree</key>
			<string>&lt;group&gt;</string>
		</dict>
		<key>49A6EEF91DB8FFF500E5F28C</key>
		<dict>
			<key>fileEncoding</key>
			<string>4</string>
			<key>isa</key>
			<string>PBXFileReference</string>
			<key>lastKnownFileType</key>
			<string>sourcecode.c.objc</string>
			<key>path</key>
			<string>MJ_Button.m</string>
			<key>sourceTree</key>
			<string>&lt;group&gt;</string>
		</dict>
		<key>49A6EEFC1DB8FFF500E5F28C</key>
		<dict>
			<key>fileRef</key>
			<string>49A6EEF31DB8FFF500E5F28C</string>
			<key>isa</key>
			<string>PBXBuildFile</string>
		</dict>
		<key>49A6EEFE1DB8FFF500E5F28C</key>
		<dict>
			<key>fileRef</key>
			<string>49A6EEF91DB8FFF500E5F28C</string>
			<key>isa</key>
			<string>PBXBuildFile</string>
		</dict>
		<key>49A6EF001DB9000200E5F28C</key>
		<dict>
			<key>children</key>
			<array>
				<string>49A6EF011DB9000200E5F28C</string>
				<string>49A6EF041DB9000200E5F28C</string>
				<string>49A6EF071DB9000200E5F28C</string>
			</array>
			<key>isa</key>
			<string>PBXGroup</string>
			<key>path</key>
			<string>B_Root_&#39318;&#39029;</string>
			<key>sourceTree</key>
			<string>&lt;group&gt;</string>
		</dict>
		<key>49A6EF011DB9000200E5F28C</key>
		<dict>
			<key>children</key>
			<array>
				<string>49A6EF021DB9000200E5F28C</string>
				<string>49A6EF031DB9000200E5F28C</string>
			</array>
			<key>isa</key>
			<string>PBXGroup</string>
			<key>path</key>
			<string>Controller</string>
			<key>sourceTree</key>
			<string>&lt;group&gt;</string>
		</dict>
		<key>49A6EF021DB9000200E5F28C</key>
		<dict>
			<key>fileEncoding</key>
			<string>4</string>
			<key>isa</key>
			<string>PBXFileReference</string>
			<key>lastKnownFileType</key>
			<string>sourcecode.c.h</string>
			<key>path</key>
			<string>MJ_RootViewController.h</string>
			<key>sourceTree</key>
			<string>&lt;group&gt;</string>
		</dict>
		<key>49A6EF031DB9000200E5F28C</key>
		<dict>
			<key>fileEncoding</key>
			<string>4</string>
			<key>isa</key>
			<string>PBXFileReference</string>
			<key>lastKnownFileType</key>
			<string>sourcecode.c.objc</string>
			<key>path</key>
			<string>MJ_RootViewController.m</string>
			<key>sourceTree</key>
			<string>&lt;group&gt;</string>
		</dict>
		<key>49A6EF041DB9000200E5F28C</key>
		<dict>
			<key>children</key>
			<array>
				<string>49A6EF051DB9000200E5F28C</string>
				<string>49A6EF061DB9000200E5F28C</string>
			</array>
			<key>isa</key>
			<string>PBXGroup</string>
			<key>path</key>
			<string>LocalPhotoAlbum_&#26412;&#22320;&#22270;&#20876;</string>
			<key>sourceTree</key>
			<string>&lt;group&gt;</string>
		</dict>
		<key>49A6EF051DB9000200E5F28C</key>
		<dict>
			<key>fileEncoding</key>
			<string>4</string>
			<key>isa</key>
			<string>PBXFileReference</string>
			<key>lastKnownFileType</key>
			<string>sourcecode.c.h</string>
			<key>path</key>
			<string>MJ_LocalPhotoAlbumViewController.h</string>
			<key>sourceTree</key>
			<string>&lt;group&gt;</string>
		</dict>
		<key>49A6EF061DB9000200E5F28C</key>
		<dict>
			<key>fileEncoding</key>
			<string>4</string>
			<key>isa</key>
			<string>PBXFileReference</string>
			<key>lastKnownFileType</key>
			<string>sourcecode.c.objc</string>
			<key>path</key>
			<string>MJ_LocalPhotoAlbumViewController.m</string>
			<key>sourceTree</key>
			<string>&lt;group&gt;</string>
		</dict>
		<key>49A6EF071DB9000200E5F28C</key>
		<dict>
			<key>children</key>
			<array>
				<string>18892C041DBE465000524227</string>
				<string>18892C051DBE465000524227</string>
				<string>49A6EF081DB9000200E5F28C</string>
				<string>49A6EF091DB9000200E5F28C</string>
			</array>
			<key>isa</key>
			<string>PBXGroup</string>
			<key>path</key>
			<string>SaveAndShare_&#20445;&#23384;&#20998;&#20139;</string>
			<key>sourceTree</key>
			<string>&lt;group&gt;</string>
		</dict>
		<key>49A6EF081DB9000200E5F28C</key>
		<dict>
			<key>fileEncoding</key>
			<string>4</string>
			<key>isa</key>
			<string>PBXFileReference</string>
			<key>lastKnownFileType</key>
			<string>sourcecode.c.h</string>
			<key>path</key>
			<string>MJ_ShareViewController.h</string>
			<key>sourceTree</key>
			<string>&lt;group&gt;</string>
		</dict>
		<key>49A6EF091DB9000200E5F28C</key>
		<dict>
			<key>fileEncoding</key>
			<string>4</string>
			<key>isa</key>
			<string>PBXFileReference</string>
			<key>lastKnownFileType</key>
			<string>sourcecode.c.objc</string>
			<key>path</key>
			<string>MJ_ShareViewController.m</string>
			<key>sourceTree</key>
			<string>&lt;group&gt;</string>
		</dict>
		<key>49A6EF0A1DB9000200E5F28C</key>
		<dict>
			<key>fileRef</key>
			<string>49A6EF031DB9000200E5F28C</string>
			<key>isa</key>
			<string>PBXBuildFile</string>
		</dict>
		<key>49A6EF0B1DB9000200E5F28C</key>
		<dict>
			<key>fileRef</key>
			<string>49A6EF061DB9000200E5F28C</string>
			<key>isa</key>
			<string>PBXBuildFile</string>
		</dict>
		<key>49A6EF0C1DB9000200E5F28C</key>
		<dict>
			<key>fileRef</key>
			<string>49A6EF091DB9000200E5F28C</string>
			<key>isa</key>
			<string>PBXBuildFile</string>
		</dict>
		<key>49A6EF0D1DB9001D00E5F28C</key>
		<dict>
			<key>children</key>
			<array>
				<string>49A6EF0E1DB9001D00E5F28C</string>
				<string>183C7E891DBA36BF00338CBB</string>
			</array>
			<key>isa</key>
			<string>PBXGroup</string>
			<key>path</key>
			<string>C_CameraPictures_&#25293;&#22270;</string>
			<key>sourceTree</key>
			<string>&lt;group&gt;</string>
		</dict>
		<key>49A6EF0E1DB9001D00E5F28C</key>
		<dict>
			<key>children</key>
			<array>
				<string>49A6EF0F1DB9001D00E5F28C</string>
				<string>49A6EF101DB9001D00E5F28C</string>
				<string>183C7E861DBA181300338CBB</string>
				<string>183C7E871DBA181300338CBB</string>
			</array>
			<key>isa</key>
			<string>PBXGroup</string>
			<key>path</key>
			<string>Controller</string>
			<key>sourceTree</key>
			<string>&lt;group&gt;</string>
		</dict>
		<key>49A6EF0F1DB9001D00E5F28C</key>
		<dict>
			<key>fileEncoding</key>
			<string>4</string>
			<key>isa</key>
			<string>PBXFileReference</string>
			<key>lastKnownFileType</key>
			<string>sourcecode.c.h</string>
			<key>path</key>
			<string>MJ_CameraPicturesViewController.h</string>
			<key>sourceTree</key>
			<string>&lt;group&gt;</string>
		</dict>
		<key>49A6EF101DB9001D00E5F28C</key>
		<dict>
			<key>fileEncoding</key>
			<string>4</string>
			<key>isa</key>
			<string>PBXFileReference</string>
			<key>lastKnownFileType</key>
			<string>sourcecode.c.objc</string>
			<key>path</key>
			<string>MJ_CameraPicturesViewController.m</string>
			<key>sourceTree</key>
			<string>&lt;group&gt;</string>
		</dict>
		<key>49A6EF111DB9001D00E5F28C</key>
		<dict>
			<key>fileRef</key>
			<string>49A6EF101DB9001D00E5F28C</string>
			<key>isa</key>
			<string>PBXBuildFile</string>
		</dict>
		<key>49A6EF121DB9002C00E5F28C</key>
		<dict>
			<key>children</key>
			<array>
				<string>49A6EF131DB9002C00E5F28C</string>
			</array>
			<key>isa</key>
			<string>PBXGroup</string>
			<key>path</key>
			<string>D_BeautifyPictures_&#32654;&#22270;</string>
			<key>sourceTree</key>
			<string>&lt;group&gt;</string>
		</dict>
		<key>49A6EF131DB9002C00E5F28C</key>
		<dict>
			<key>children</key>
			<array>
				<string>183C7E941DBA500300338CBB</string>
				<string>183C7E951DBA500300338CBB</string>
			</array>
			<key>isa</key>
			<string>PBXGroup</string>
			<key>path</key>
			<string>Controller</string>
			<key>sourceTree</key>
			<string>&lt;group&gt;</string>
		</dict>
		<key>49A6EF171DB9003200E5F28C</key>
		<dict>
			<key>children</key>
			<array>
				<string>49A6EF181DB9003200E5F28C</string>
			</array>
			<key>isa</key>
			<string>PBXGroup</string>
			<key>path</key>
			<string>F_CutoutPictures_&#25248;&#22270;</string>
			<key>sourceTree</key>
			<string>&lt;group&gt;</string>
		</dict>
		<key>49A6EF181DB9003200E5F28C</key>
		<dict>
			<key>children</key>
			<array>
				<string>49A6EF191DB9003200E5F28C</string>
				<string>49A6EF1A1DB9003200E5F28C</string>
			</array>
			<key>isa</key>
			<string>PBXGroup</string>
			<key>path</key>
			<string>Controller</string>
			<key>sourceTree</key>
			<string>&lt;group&gt;</string>
		</dict>
		<key>49A6EF191DB9003200E5F28C</key>
		<dict>
			<key>fileEncoding</key>
			<string>4</string>
			<key>isa</key>
			<string>PBXFileReference</string>
			<key>lastKnownFileType</key>
			<string>sourcecode.c.h</string>
			<key>path</key>
			<string>MJ_CutoutPicturesViewController.h</string>
			<key>sourceTree</key>
			<string>&lt;group&gt;</string>
		</dict>
		<key>49A6EF1A1DB9003200E5F28C</key>
		<dict>
			<key>fileEncoding</key>
			<string>4</string>
			<key>isa</key>
			<string>PBXFileReference</string>
			<key>lastKnownFileType</key>
			<string>sourcecode.c.objc</string>
			<key>path</key>
			<string>MJ_CutoutPicturesViewController.m</string>
			<key>sourceTree</key>
			<string>&lt;group&gt;</string>
		</dict>
		<key>49A6EF1B1DB9003200E5F28C</key>
		<dict>
			<key>fileRef</key>
			<string>49A6EF1A1DB9003200E5F28C</string>
			<key>isa</key>
			<string>PBXBuildFile</string>
		</dict>
		<key>49A6EF1C1DB9003700E5F28C</key>
		<dict>
			<key>children</key>
			<array>
				<string>18892CC61DC04DED00524227</string>
				<string>49A6EF1D1DB9003700E5F28C</string>
			</array>
			<key>isa</key>
			<string>PBXGroup</string>
			<key>path</key>
			<string>E_PuzzlePictures_&#25340;&#22270;</string>
			<key>sourceTree</key>
			<string>&lt;group&gt;</string>
		</dict>
		<key>49A6EF1D1DB9003700E5F28C</key>
		<dict>
			<key>children</key>
			<array>
				<string>49A6EF1E1DB9003700E5F28C</string>
				<string>49A6EF1F1DB9003700E5F28C</string>
			</array>
			<key>isa</key>
			<string>PBXGroup</string>
			<key>path</key>
			<string>Controller</string>
			<key>sourceTree</key>
			<string>&lt;group&gt;</string>
		</dict>
		<key>49A6EF1E1DB9003700E5F28C</key>
		<dict>
			<key>fileEncoding</key>
			<string>4</string>
			<key>isa</key>
			<string>PBXFileReference</string>
			<key>lastKnownFileType</key>
			<string>sourcecode.c.h</string>
			<key>path</key>
			<string>MJ_PuzzlePicturesViewController.h</string>
			<key>sourceTree</key>
			<string>&lt;group&gt;</string>
		</dict>
		<key>49A6EF1F1DB9003700E5F28C</key>
		<dict>
			<key>fileEncoding</key>
			<string>4</string>
			<key>isa</key>
			<string>PBXFileReference</string>
			<key>lastKnownFileType</key>
			<string>sourcecode.c.objc</string>
			<key>path</key>
			<string>MJ_PuzzlePicturesViewController.m</string>
			<key>sourceTree</key>
			<string>&lt;group&gt;</string>
		</dict>
		<key>49A6EF201DB9003700E5F28C</key>
		<dict>
			<key>fileRef</key>
			<string>49A6EF1F1DB9003700E5F28C</string>
			<key>isa</key>
			<string>PBXBuildFile</string>
		</dict>
		<key>5A1BD69F1FC5FE6263E47683</key>
		<dict>
			<key>explicitFileType</key>
			<string>archive.ar</string>
			<key>includeInIndex</key>
			<string>0</string>
			<key>isa</key>
			<string>PBXFileReference</string>
			<key>path</key>
			<string>libPods-BeautifulTests.a</string>
			<key>sourceTree</key>
			<string>BUILT_PRODUCTS_DIR</string>
		</dict>
		<key>62EFA6DA347CAF0AC4434E7B</key>
		<dict>
			<key>buildActionMask</key>
			<string>2147483647</string>
			<key>files</key>
			<array/>
			<key>inputPaths</key>
			<array/>
			<key>isa</key>
			<string>PBXShellScriptBuildPhase</string>
			<key>name</key>
			<string>[CP] Embed Pods Frameworks</string>
			<key>outputPaths</key>
			<array/>
			<key>runOnlyForDeploymentPostprocessing</key>
			<string>0</string>
			<key>shellPath</key>
			<string>/bin/sh</string>
			<key>shellScript</key>
			<string>"${SRCROOT}/Pods/Target Support Files/Pods-Beautiful/Pods-Beautiful-frameworks.sh"
</string>
			<key>showEnvVarsInLog</key>
			<string>0</string>
		</dict>
		<key>6568DB3357F6DED094CE0565</key>
		<dict>
			<key>fileRef</key>
			<string>0FB9056346DD125E2C347FC0</string>
			<key>isa</key>
			<string>PBXBuildFile</string>
		</dict>
		<key>70BCB35D69C5449BEE1B5090</key>
		<dict>
			<key>includeInIndex</key>
			<string>1</string>
			<key>isa</key>
			<string>PBXFileReference</string>
			<key>lastKnownFileType</key>
			<string>text.xcconfig</string>
			<key>name</key>
			<string>Pods-BeautifulTests.debug.xcconfig</string>
			<key>path</key>
			<string>Pods/Target Support Files/Pods-BeautifulTests/Pods-BeautifulTests.debug.xcconfig</string>
			<key>sourceTree</key>
			<string>&lt;group&gt;</string>
		</dict>
		<key>7364EA483645F6335ABBB4A4</key>
		<dict>
			<key>includeInIndex</key>
			<string>1</string>
			<key>isa</key>
			<string>PBXFileReference</string>
			<key>lastKnownFileType</key>
			<string>text.xcconfig</string>
			<key>name</key>
			<string>Pods-BeautifulUITests.debug.xcconfig</string>
			<key>path</key>
			<string>Pods/Target Support Files/Pods-BeautifulUITests/Pods-BeautifulUITests.debug.xcconfig</string>
			<key>sourceTree</key>
			<string>&lt;group&gt;</string>
		</dict>
		<key>7EB285511BC802E5E5574236</key>
		<dict>
			<key>buildActionMask</key>
			<string>2147483647</string>
			<key>files</key>
			<array/>
			<key>inputPaths</key>
			<array/>
			<key>isa</key>
			<string>PBXShellScriptBuildPhase</string>
			<key>name</key>
			<string>[CP] Copy Pods Resources</string>
			<key>outputPaths</key>
			<array/>
			<key>runOnlyForDeploymentPostprocessing</key>
			<string>0</string>
			<key>shellPath</key>
			<string>/bin/sh</string>
			<key>shellScript</key>
			<string>"${SRCROOT}/Pods/Target Support Files/Pods-Beautiful/Pods-Beautiful-resources.sh"
</string>
			<key>showEnvVarsInLog</key>
			<string>0</string>
		</dict>
		<key>8547E65083527420A2A7F330</key>
		<dict>
			<key>fileRef</key>
			<string>46228202385F528AFDFE6874</string>
			<key>isa</key>
			<string>PBXBuildFile</string>
		</dict>
		<key>A25DC9B98E1F406846F7D1A3</key>
		<dict>
			<key>children</key>
			<array>
				<string>DB7EE009A9FB4ABE0A1048A7</string>
				<string>0ED659F9C88C3BB92B1F1ED5</string>
				<string>70BCB35D69C5449BEE1B5090</string>
				<string>272D7B2CEE505AA46A98F809</string>
				<string>7364EA483645F6335ABBB4A4</string>
				<string>A27AA814A638F87A8AEF6EBA</string>
			</array>
			<key>isa</key>
			<string>PBXGroup</string>
			<key>name</key>
			<string>Pods</string>
			<key>sourceTree</key>
			<string>&lt;group&gt;</string>
		</dict>
		<key>A27AA814A638F87A8AEF6EBA</key>
		<dict>
			<key>includeInIndex</key>
			<string>1</string>
			<key>isa</key>
			<string>PBXFileReference</string>
			<key>lastKnownFileType</key>
			<string>text.xcconfig</string>
			<key>name</key>
			<string>Pods-BeautifulUITests.release.xcconfig</string>
			<key>path</key>
			<string>Pods/Target Support Files/Pods-BeautifulUITests/Pods-BeautifulUITests.release.xcconfig</string>
			<key>sourceTree</key>
			<string>&lt;group&gt;</string>
		</dict>
		<key>A64087124D903EE048B9CA09</key>
		<dict>
			<key>buildActionMask</key>
			<string>2147483647</string>
			<key>files</key>
			<array/>
			<key>inputPaths</key>
			<array/>
			<key>isa</key>
			<string>PBXShellScriptBuildPhase</string>
			<key>name</key>
			<string>[CP] Check Pods Manifest.lock</string>
			<key>outputPaths</key>
			<array/>
			<key>runOnlyForDeploymentPostprocessing</key>
			<string>0</string>
			<key>shellPath</key>
			<string>/bin/sh</string>
			<key>shellScript</key>
			<string>diff "${PODS_ROOT}/../Podfile.lock" "${PODS_ROOT}/Manifest.lock" &gt; /dev/null
if [[ $? != 0 ]] ; then
    cat &lt;&lt; EOM
error: The sandbox is not in sync with the Podfile.lock. Run 'pod install' or update your CocoaPods installation.
EOM
    exit 1
fi
</string>
			<key>showEnvVarsInLog</key>
			<string>0</string>
		</dict>
		<key>A96D155B3763E43CE6FDD6B2</key>
		<dict>
			<key>buildActionMask</key>
			<string>2147483647</string>
			<key>files</key>
			<array/>
			<key>inputPaths</key>
			<array/>
			<key>isa</key>
			<string>PBXShellScriptBuildPhase</string>
			<key>name</key>
			<string>[CP] Check Pods Manifest.lock</string>
			<key>outputPaths</key>
			<array/>
			<key>runOnlyForDeploymentPostprocessing</key>
			<string>0</string>
			<key>shellPath</key>
			<string>/bin/sh</string>
			<key>shellScript</key>
			<string>diff "${PODS_ROOT}/../Podfile.lock" "${PODS_ROOT}/Manifest.lock" &gt; /dev/null
if [[ $? != 0 ]] ; then
    cat &lt;&lt; EOM
error: The sandbox is not in sync with the Podfile.lock. Run 'pod install' or update your CocoaPods installation.
EOM
    exit 1
fi
</string>
			<key>showEnvVarsInLog</key>
			<string>0</string>
		</dict>
		<key>B37E6C04CBDDF6802B1E8BBE</key>
		<dict>
			<key>buildActionMask</key>
			<string>2147483647</string>
			<key>files</key>
			<array/>
			<key>inputPaths</key>
			<array/>
			<key>isa</key>
			<string>PBXShellScriptBuildPhase</string>
			<key>name</key>
			<string>[CP] Check Pods Manifest.lock</string>
			<key>outputPaths</key>
			<array/>
			<key>runOnlyForDeploymentPostprocessing</key>
			<string>0</string>
			<key>shellPath</key>
			<string>/bin/sh</string>
			<key>shellScript</key>
			<string>diff "${PODS_ROOT}/../Podfile.lock" "${PODS_ROOT}/Manifest.lock" &gt; /dev/null
if [[ $? != 0 ]] ; then
    cat &lt;&lt; EOM
error: The sandbox is not in sync with the Podfile.lock. Run 'pod install' or update your CocoaPods installation.
EOM
    exit 1
fi
</string>
			<key>showEnvVarsInLog</key>
			<string>0</string>
		</dict>
		<key>D3DFB889EC4AA92873A75B32</key>
		<dict>
			<key>children</key>
			<array>
				<string>46228202385F528AFDFE6874</string>
				<string>5A1BD69F1FC5FE6263E47683</string>
				<string>0FB9056346DD125E2C347FC0</string>
			</array>
			<key>isa</key>
			<string>PBXGroup</string>
			<key>name</key>
			<string>Frameworks</string>
			<key>sourceTree</key>
			<string>&lt;group&gt;</string>
		</dict>
		<key>DB7EE009A9FB4ABE0A1048A7</key>
		<dict>
			<key>includeInIndex</key>
			<string>1</string>
			<key>isa</key>
			<string>PBXFileReference</string>
			<key>lastKnownFileType</key>
			<string>text.xcconfig</string>
			<key>name</key>
			<string>Pods-Beautiful.debug.xcconfig</string>
			<key>path</key>
			<string>Pods/Target Support Files/Pods-Beautiful/Pods-Beautiful.debug.xcconfig</string>
			<key>sourceTree</key>
			<string>&lt;group&gt;</string>
		</dict>
		<key>E2D710D5BEEABA5741F13D50</key>
		<dict>
			<key>buildActionMask</key>
			<string>2147483647</string>
			<key>files</key>
			<array/>
			<key>inputPaths</key>
			<array/>
			<key>isa</key>
			<string>PBXShellScriptBuildPhase</string>
			<key>name</key>
			<string>[CP] Copy Pods Resources</string>
			<key>outputPaths</key>
			<array/>
			<key>runOnlyForDeploymentPostprocessing</key>
			<string>0</string>
			<key>shellPath</key>
			<string>/bin/sh</string>
			<key>shellScript</key>
			<string>"${SRCROOT}/Pods/Target Support Files/Pods-BeautifulUITests/Pods-BeautifulUITests-resources.sh"
</string>
			<key>showEnvVarsInLog</key>
			<string>0</string>
		</dict>
		<key>F19147D2CA30EFBF9DA5AD76</key>
		<dict>
			<key>fileRef</key>
			<string>5A1BD69F1FC5FE6263E47683</string>
			<key>isa</key>
			<string>PBXBuildFile</string>
		</dict>
	</dict>
	<key>rootObject</key>
	<string>183C7D471DB761A400338CBB</string>
</dict>
</plist>
