PODS:
  - DrowningGraphicer (0.1.0)
  - GPUImage (0.1.7)

DEPENDENCIES:
  - DrowningGraphicer (~> 0.1.0)
  - GPUImage (~> 0.1.7)

SPEC CHECKSUMS:
  DrowningGraphicer: 7fecc48d8dd2a1d7caf16ed2bcea0f9c54e419dd
  GPUImage: 733a5f0fab92df9de1c37ba9df520a833ccb406d

PODFILE CHECKSUM: d467e8186158cf96aa746ac7e20574f3fd9c158a

COCOAPODS: 1.0.1
